// !$*UTF8*$!
{
	archiveVersion = 1;
	classes = {
	};
	objectVersion = 46;
	objects = {

/* Begin PBXBuildFile section */
		8A134434196BA00900E6EE72 /* Foundation.framework in Frameworks */ = {isa = PBXBuildFile; fileRef = 8A134433196BA00900E6EE72 /* Foundation.framework */; };
		8A134436196BA00900E6EE72 /* CoreGraphics.framework in Frameworks */ = {isa = PBXBuildFile; fileRef = 8A134435196BA00900E6EE72 /* CoreGraphics.framework */; };
		8A134438196BA00900E6EE72 /* UIKit.framework in Frameworks */ = {isa = PBXBuildFile; fileRef = 8A134437196BA00900E6EE72 /* UIKit.framework */; };
		8A13443A196BA00900E6EE72 /* SpriteKit.framework in Frameworks */ = {isa = PBXBuildFile; fileRef = 8A134439196BA00900E6EE72 /* SpriteKit.framework */; };
		8A134440196BA00900E6EE72 /* InfoPlist.strings in Resources */ = {isa = PBXBuildFile; fileRef = 8A13443E196BA00900E6EE72 /* InfoPlist.strings */; };
		8A134442196BA00900E6EE72 /* main.m in Sources */ = {isa = PBXBuildFile; fileRef = 8A134441196BA00900E6EE72 /* main.m */; };
		8A134446196BA00900E6EE72 /* AppDelegate.m in Sources */ = {isa = PBXBuildFile; fileRef = 8A134445196BA00900E6EE72 /* AppDelegate.m */; };
		8A134449196BA00900E6EE72 /* Main.storyboard in Resources */ = {isa = PBXBuildFile; fileRef = 8A134447196BA00900E6EE72 /* Main.storyboard */; };
		8A13444C196BA00900E6EE72 /* ViewController.m in Sources */ = {isa = PBXBuildFile; fileRef = 8A13444B196BA00900E6EE72 /* ViewController.m */; };
		8A13444F196BA00900E6EE72 /* MyScene.m in Sources */ = {isa = PBXBuildFile; fileRef = 8A13444E196BA00900E6EE72 /* MyScene.m */; };
		8A134453196BA00900E6EE72 /* Images.xcassets in Resources */ = {isa = PBXBuildFile; fileRef = 8A134452196BA00900E6EE72 /* Images.xcassets */; };
		8A13445A196BA00900E6EE72 /* XCTest.framework in Frameworks */ = {isa = PBXBuildFile; fileRef = 8A134459196BA00900E6EE72 /* XCTest.framework */; };
		8A13445B196BA00900E6EE72 /* Foundation.framework in Frameworks */ = {isa = PBXBuildFile; fileRef = 8A134433196BA00900E6EE72 /* Foundation.framework */; };
		8A13445C196BA00900E6EE72 /* UIKit.framework in Frameworks */ = {isa = PBXBuildFile; fileRef = 8A134437196BA00900E6EE72 /* UIKit.framework */; };
		8A134464196BA00900E6EE72 /* InfoPlist.strings in Resources */ = {isa = PBXBuildFile; fileRef = 8A134462196BA00900E6EE72 /* InfoPlist.strings */; };
		8A134466196BA00900E6EE72 /* Good_Night__Sleep_TightTests.m in Sources */ = {isa = PBXBuildFile; fileRef = 8A134465196BA00900E6EE72 /* Good_Night__Sleep_TightTests.m */; };
		8A7DFC551989B504000C3976 /* backtothestart@2x.png in Resources */ = {isa = PBXBuildFile; fileRef = 8A7DFC071989B504000C3976 /* backtothestart@2x.png */; };
		8A7DFC561989B504000C3976 /* endnightsky@2x.png in Resources */ = {isa = PBXBuildFile; fileRef = 8A7DFC081989B504000C3976 /* endnightsky@2x.png */; };
		8A7DFC571989B504000C3976 /* theend@2x.png in Resources */ = {isa = PBXBuildFile; fileRef = 8A7DFC091989B504000C3976 /* theend@2x.png */; };
		8A7DFC581989B504000C3976 /* gnst@2x.png in Resources */ = {isa = PBXBuildFile; fileRef = 8A7DFC0B1989B504000C3976 /* gnst@2x.png */; };
		8A7DFC591989B504000C3976 /* letsbeginbutton@2x.png in Resources */ = {isa = PBXBuildFile; fileRef = 8A7DFC0C1989B504000C3976 /* letsbeginbutton@2x.png */; };
		8A7DFC5A1989B504000C3976 /* s0characters-s1@2x.png in Resources */ = {isa = PBXBuildFile; fileRef = 8A7DFC0D1989B504000C3976 /* s0characters-s1@2x.png */; };
		8A7DFC5B1989B504000C3976 /* s0characters-s2@2x.png in Resources */ = {isa = PBXBuildFile; fileRef = 8A7DFC0E1989B504000C3976 /* s0characters-s2@2x.png */; };
		8A7DFC5C1989B504000C3976 /* s0characters-s3@2x.png in Resources */ = {isa = PBXBuildFile; fileRef = 8A7DFC0F1989B504000C3976 /* s0characters-s3@2x.png */; };
		8A7DFC5D1989B504000C3976 /* s0characters-s4@2x.png in Resources */ = {isa = PBXBuildFile; fileRef = 8A7DFC101989B504000C3976 /* s0characters-s4@2x.png */; };
		8A7DFC5E1989B504000C3976 /* s0nightsky.png in Resources */ = {isa = PBXBuildFile; fileRef = 8A7DFC111989B504000C3976 /* s0nightsky.png */; };
		8A7DFC5F1989B504000C3976 /* s0nightsky@2x.png in Resources */ = {isa = PBXBuildFile; fileRef = 8A7DFC121989B504000C3976 /* s0nightsky@2x.png */; };
		8A7DFC601989B504000C3976 /* goodnightMonkeyText.png in Resources */ = {isa = PBXBuildFile; fileRef = 8A7DFC141989B504000C3976 /* goodnightMonkeyText.png */; };
		8A7DFC611989B504000C3976 /* goodnightMonkeyText@2x.png in Resources */ = {isa = PBXBuildFile; fileRef = 8A7DFC151989B504000C3976 /* goodnightMonkeyText@2x.png */; };
		8A7DFC621989B504000C3976 /* monkey.png in Resources */ = {isa = PBXBuildFile; fileRef = 8A7DFC161989B504000C3976 /* monkey.png */; };
		8A7DFC631989B504000C3976 /* monkey@2x.png in Resources */ = {isa = PBXBuildFile; fileRef = 8A7DFC171989B504000C3976 /* monkey@2x.png */; };
		8A7DFC641989B504000C3976 /* s1foreground.png in Resources */ = {isa = PBXBuildFile; fileRef = 8A7DFC181989B504000C3976 /* s1foreground.png */; };
		8A7DFC651989B504000C3976 /* s1foreground@2x.png in Resources */ = {isa = PBXBuildFile; fileRef = 8A7DFC191989B504000C3976 /* s1foreground@2x.png */; };
		8A7DFC661989B504000C3976 /* s1leaves1.atlas in Resources */ = {isa = PBXBuildFile; fileRef = 8A7DFC1A1989B504000C3976 /* s1leaves1.atlas */; };
		8A7DFC671989B504000C3976 /* s1leaves1@2x.png in Resources */ = {isa = PBXBuildFile; fileRef = 8A7DFC1B1989B504000C3976 /* s1leaves1@2x.png */; };
		8A7DFC681989B504000C3976 /* s1leaves2.atlas in Resources */ = {isa = PBXBuildFile; fileRef = 8A7DFC1C1989B504000C3976 /* s1leaves2.atlas */; };
		8A7DFC691989B504000C3976 /* s1leaves2@2x.png in Resources */ = {isa = PBXBuildFile; fileRef = 8A7DFC1D1989B504000C3976 /* s1leaves2@2x.png */; };
		8A7DFC6A1989B504000C3976 /* s1leaves3.atlas in Resources */ = {isa = PBXBuildFile; fileRef = 8A7DFC1E1989B504000C3976 /* s1leaves3.atlas */; };
		8A7DFC6B1989B504000C3976 /* s1leaves3@2x.png in Resources */ = {isa = PBXBuildFile; fileRef = 8A7DFC1F1989B504000C3976 /* s1leaves3@2x.png */; };
		8A7DFC6C1989B504000C3976 /* s1nightsky.png in Resources */ = {isa = PBXBuildFile; fileRef = 8A7DFC201989B504000C3976 /* s1nightsky.png */; };
		8A7DFC6D1989B504000C3976 /* s1nightsky@2x.png in Resources */ = {isa = PBXBuildFile; fileRef = 8A7DFC211989B504000C3976 /* s1nightsky@2x.png */; };
		8A7DFC6E1989B504000C3976 /* sleepmonkey.atlas in Resources */ = {isa = PBXBuildFile; fileRef = 8A7DFC221989B504000C3976 /* sleepmonkey.atlas */; };
		8A7DFC6F1989B504000C3976 /* barnbackwall.png in Resources */ = {isa = PBXBuildFile; fileRef = 8A7DFC241989B504000C3976 /* barnbackwall.png */; };
		8A7DFC701989B504000C3976 /* barnbackwall@2x.png in Resources */ = {isa = PBXBuildFile; fileRef = 8A7DFC251989B504000C3976 /* barnbackwall@2x.png */; };
		8A7DFC711989B504000C3976 /* chicken.png in Resources */ = {isa = PBXBuildFile; fileRef = 8A7DFC261989B504000C3976 /* chicken.png */; };
		8A7DFC721989B504000C3976 /* chicken@2x.png in Resources */ = {isa = PBXBuildFile; fileRef = 8A7DFC271989B504000C3976 /* chicken@2x.png */; };
		8A7DFC731989B504000C3976 /* egg.png in Resources */ = {isa = PBXBuildFile; fileRef = 8A7DFC281989B504000C3976 /* egg.png */; };
		8A7DFC741989B504000C3976 /* egg@2x.png in Resources */ = {isa = PBXBuildFile; fileRef = 8A7DFC291989B504000C3976 /* egg@2x.png */; };
		8A7DFC751989B504000C3976 /* goodnight-chicken.png in Resources */ = {isa = PBXBuildFile; fileRef = 8A7DFC2A1989B504000C3976 /* goodnight-chicken.png */; };
		8A7DFC761989B504000C3976 /* goodnight-chicken@2x.png in Resources */ = {isa = PBXBuildFile; fileRef = 8A7DFC2B1989B504000C3976 /* goodnight-chicken@2x.png */; };
		8A7DFC771989B504000C3976 /* s2foreground.png in Resources */ = {isa = PBXBuildFile; fileRef = 8A7DFC2C1989B504000C3976 /* s2foreground.png */; };
		8A7DFC781989B504000C3976 /* s2foreground@2x.png in Resources */ = {isa = PBXBuildFile; fileRef = 8A7DFC2D1989B504000C3976 /* s2foreground@2x.png */; };
		8A7DFC791989B504000C3976 /* sleepchicken.atlas in Resources */ = {isa = PBXBuildFile; fileRef = 8A7DFC2E1989B504000C3976 /* sleepchicken.atlas */; };
		8A7DFC7A1989B504000C3976 /* apple@2x.png in Resources */ = {isa = PBXBuildFile; fileRef = 8A7DFC301989B504000C3976 /* apple@2x.png */; };
		8A7DFC7B1989B504000C3976 /* cow.png in Resources */ = {isa = PBXBuildFile; fileRef = 8A7DFC311989B504000C3976 /* cow.png */; };
		8A7DFC7C1989B504000C3976 /* cow@2x.png in Resources */ = {isa = PBXBuildFile; fileRef = 8A7DFC321989B504000C3976 /* cow@2x.png */; };
		8A7DFC7D1989B504000C3976 /* goodnight-cow.png in Resources */ = {isa = PBXBuildFile; fileRef = 8A7DFC331989B504000C3976 /* goodnight-cow.png */; };
		8A7DFC7E1989B504000C3976 /* goodnight-cow@2x.png in Resources */ = {isa = PBXBuildFile; fileRef = 8A7DFC341989B504000C3976 /* goodnight-cow@2x.png */; };
		8A7DFC7F1989B504000C3976 /* houselightsoff.png in Resources */ = {isa = PBXBuildFile; fileRef = 8A7DFC351989B504000C3976 /* houselightsoff.png */; };
		8A7DFC801989B504000C3976 /* houselightsoff@2x.png in Resources */ = {isa = PBXBuildFile; fileRef = 8A7DFC361989B504000C3976 /* houselightsoff@2x.png */; };
		8A7DFC811989B504000C3976 /* houselightson.png in Resources */ = {isa = PBXBuildFile; fileRef = 8A7DFC371989B504000C3976 /* houselightson.png */; };
		8A7DFC821989B504000C3976 /* houselightson@2x.png in Resources */ = {isa = PBXBuildFile; fileRef = 8A7DFC381989B504000C3976 /* houselightson@2x.png */; };
		8A7DFC831989B504000C3976 /* s3foreground.png in Resources */ = {isa = PBXBuildFile; fileRef = 8A7DFC391989B504000C3976 /* s3foreground.png */; };
		8A7DFC841989B504000C3976 /* s3foreground@2x.png in Resources */ = {isa = PBXBuildFile; fileRef = 8A7DFC3A1989B504000C3976 /* s3foreground@2x.png */; };
		8A7DFC851989B504000C3976 /* s3nightsky.png in Resources */ = {isa = PBXBuildFile; fileRef = 8A7DFC3B1989B504000C3976 /* s3nightsky.png */; };
		8A7DFC861989B504000C3976 /* s3nightsky@2x.png in Resources */ = {isa = PBXBuildFile; fileRef = 8A7DFC3C1989B504000C3976 /* s3nightsky@2x.png */; };
		8A7DFC871989B504000C3976 /* s3treetop@2x.png in Resources */ = {isa = PBXBuildFile; fileRef = 8A7DFC3D1989B504000C3976 /* s3treetop@2x.png */; };
		8A7DFC881989B504000C3976 /* sleepcow.atlas in Resources */ = {isa = PBXBuildFile; fileRef = 8A7DFC3E1989B504000C3976 /* sleepcow.atlas */; };
		8A7DFC891989B504000C3976 /* bubble@2x.png in Resources */ = {isa = PBXBuildFile; fileRef = 8A7DFC401989B504000C3976 /* bubble@2x.png */; };
		8A7DFC8A1989B504000C3976 /* bubblepop@2x.png in Resources */ = {isa = PBXBuildFile; fileRef = 8A7DFC411989B504000C3976 /* bubblepop@2x.png */; };
		8A7DFC8B1989B504000C3976 /* coral1.atlas in Resources */ = {isa = PBXBuildFile; fileRef = 8A7DFC421989B504000C3976 /* coral1.atlas */; };
		8A7DFC8C1989B504000C3976 /* coral1@2x.png in Resources */ = {isa = PBXBuildFile; fileRef = 8A7DFC431989B504000C3976 /* coral1@2x.png */; };
		8A7DFC8D1989B504000C3976 /* crab.atlas in Resources */ = {isa = PBXBuildFile; fileRef = 8A7DFC441989B504000C3976 /* crab.atlas */; };
		8A7DFC8E1989B504000C3976 /* crab@2x.png in Resources */ = {isa = PBXBuildFile; fileRef = 8A7DFC451989B504000C3976 /* crab@2x.png */; };
		8A7DFC8F1989B504000C3976 /* eel.atlas in Resources */ = {isa = PBXBuildFile; fileRef = 8A7DFC461989B504000C3976 /* eel.atlas */; };
		8A7DFC901989B504000C3976 /* eel@2x.png in Resources */ = {isa = PBXBuildFile; fileRef = 8A7DFC471989B504000C3976 /* eel@2x.png */; };
		8A7DFC911989B504000C3976 /* fish@2x.png in Resources */ = {isa = PBXBuildFile; fileRef = 8A7DFC481989B504000C3976 /* fish@2x.png */; };
		8A7DFC921989B504000C3976 /* goodnight-fish@2x.png in Resources */ = {isa = PBXBuildFile; fileRef = 8A7DFC491989B504000C3976 /* goodnight-fish@2x.png */; };
		8A7DFC931989B504000C3976 /* s4nightsky@2x.png in Resources */ = {isa = PBXBuildFile; fileRef = 8A7DFC4A1989B504000C3976 /* s4nightsky@2x.png */; };
		8A7DFC941989B504000C3976 /* sleepfish.atlas in Resources */ = {isa = PBXBuildFile; fileRef = 8A7DFC4B1989B504000C3976 /* sleepfish.atlas */; };
		8A7DFC951989B504000C3976 /* chicken.wav in Resources */ = {isa = PBXBuildFile; fileRef = 8A7DFC4D1989B504000C3976 /* chicken.wav */; };
		8A7DFC961989B504000C3976 /* click.wav in Resources */ = {isa = PBXBuildFile; fileRef = 8A7DFC4E1989B504000C3976 /* click.wav */; };
		8A7DFC971989B504000C3976 /* cow.wav in Resources */ = {isa = PBXBuildFile; fileRef = 8A7DFC4F1989B504000C3976 /* cow.wav */; };
		8A7DFC981989B504000C3976 /* lightswitch.wav in Resources */ = {isa = PBXBuildFile; fileRef = 8A7DFC501989B504000C3976 /* lightswitch.wav */; };
		8A7DFC991989B504000C3976 /* monkey.wav in Resources */ = {isa = PBXBuildFile; fileRef = 8A7DFC511989B504000C3976 /* monkey.wav */; };
		8A7DFC9A1989B504000C3976 /* plop.wav in Resources */ = {isa = PBXBuildFile; fileRef = 8A7DFC521989B504000C3976 /* plop.wav */; };
		8A7DFC9B1989B504000C3976 /* ting.wav in Resources */ = {isa = PBXBuildFile; fileRef = 8A7DFC531989B504000C3976 /* ting.wav */; };
		8A7DFC9C1989B504000C3976 /* ukulele.wav in Resources */ = {isa = PBXBuildFile; fileRef = 8A7DFC541989B504000C3976 /* ukulele.wav */; };
		8ACC82481974A41500B7058B /* Scene2.m in Sources */ = {isa = PBXBuildFile; fileRef = 8ACC82471974A41500B7058B /* Scene2.m */; };
		8ACC824A1974C9CD00B7058B /* DimensionTest@2x.png in Resources */ = {isa = PBXBuildFile; fileRef = 8ACC82491974C9CD00B7058B /* DimensionTest@2x.png */; };
		8ACC824C1974CD6100B7058B /* DimensionTest.png in Resources */ = {isa = PBXBuildFile; fileRef = 8ACC824B1974CD6100B7058B /* DimensionTest.png */; };
		8ACC83FB197DEDBE00B7058B /* Scene3.m in Sources */ = {isa = PBXBuildFile; fileRef = 8ACC83FA197DEDBE00B7058B /* Scene3.m */; };
		8ACC845E197F45BE00B7058B /* EndScene.m in Sources */ = {isa = PBXBuildFile; fileRef = 8ACC845D197F45BE00B7058B /* EndScene.m */; };
		8ACC84D0197FA39C00B7058B /* Scene1.m in Sources */ = {isa = PBXBuildFile; fileRef = 8ACC84CF197FA39C00B7058B /* Scene1.m */; };
		8ACC854319876AB200B7058B /* Scene4.m in Sources */ = {isa = PBXBuildFile; fileRef = 8ACC854219876AB200B7058B /* Scene4.m */; };
/* End PBXBuildFile section */

/* Begin PBXContainerItemProxy section */
		8A13445D196BA00900E6EE72 /* PBXContainerItemProxy */ = {
			isa = PBXContainerItemProxy;
			containerPortal = 8A134428196BA00900E6EE72 /* Project object */;
			proxyType = 1;
			remoteGlobalIDString = 8A13442F196BA00900E6EE72;
			remoteInfo = "Good Night, Sleep Tight";
		};
/* End PBXContainerItemProxy section */

/* Begin PBXFileReference section */
		8A134430196BA00900E6EE72 /* Good Night, Sleep Tight.app */ = {isa = PBXFileReference; explicitFileType = wrapper.application; includeInIndex = 0; path = "Good Night, Sleep Tight.app"; sourceTree = BUILT_PRODUCTS_DIR; };
		8A134433196BA00900E6EE72 /* Foundation.framework */ = {isa = PBXFileReference; lastKnownFileType = wrapper.framework; name = Foundation.framework; path = System/Library/Frameworks/Foundation.framework; sourceTree = SDKROOT; };
		8A134435196BA00900E6EE72 /* CoreGraphics.framework */ = {isa = PBXFileReference; lastKnownFileType = wrapper.framework; name = CoreGraphics.framework; path = System/Library/Frameworks/CoreGraphics.framework; sourceTree = SDKROOT; };
		8A134437196BA00900E6EE72 /* UIKit.framework */ = {isa = PBXFileReference; lastKnownFileType = wrapper.framework; name = UIKit.framework; path = System/Library/Frameworks/UIKit.framework; sourceTree = SDKROOT; };
		8A134439196BA00900E6EE72 /* SpriteKit.framework */ = {isa = PBXFileReference; lastKnownFileType = wrapper.framework; name = SpriteKit.framework; path = System/Library/Frameworks/SpriteKit.framework; sourceTree = SDKROOT; };
		8A13443D196BA00900E6EE72 /* Good Night, Sleep Tight-Info.plist */ = {isa = PBXFileReference; lastKnownFileType = text.plist.xml; path = "Good Night, Sleep Tight-Info.plist"; sourceTree = "<group>"; };
		8A13443F196BA00900E6EE72 /* en */ = {isa = PBXFileReference; lastKnownFileType = text.plist.strings; name = en; path = en.lproj/InfoPlist.strings; sourceTree = "<group>"; };
		8A134441196BA00900E6EE72 /* main.m */ = {isa = PBXFileReference; lastKnownFileType = sourcecode.c.objc; path = main.m; sourceTree = "<group>"; };
		8A134443196BA00900E6EE72 /* Good Night, Sleep Tight-Prefix.pch */ = {isa = PBXFileReference; lastKnownFileType = sourcecode.c.h; path = "Good Night, Sleep Tight-Prefix.pch"; sourceTree = "<group>"; };
		8A134444196BA00900E6EE72 /* AppDelegate.h */ = {isa = PBXFileReference; lastKnownFileType = sourcecode.c.h; path = AppDelegate.h; sourceTree = "<group>"; };
		8A134445196BA00900E6EE72 /* AppDelegate.m */ = {isa = PBXFileReference; lastKnownFileType = sourcecode.c.objc; path = AppDelegate.m; sourceTree = "<group>"; };
		8A134448196BA00900E6EE72 /* Base */ = {isa = PBXFileReference; lastKnownFileType = file.storyboard; name = Base; path = Base.lproj/Main.storyboard; sourceTree = "<group>"; };
		8A13444A196BA00900E6EE72 /* ViewController.h */ = {isa = PBXFileReference; lastKnownFileType = sourcecode.c.h; path = ViewController.h; sourceTree = "<group>"; };
		8A13444B196BA00900E6EE72 /* ViewController.m */ = {isa = PBXFileReference; lastKnownFileType = sourcecode.c.objc; path = ViewController.m; sourceTree = "<group>"; };
		8A13444D196BA00900E6EE72 /* MyScene.h */ = {isa = PBXFileReference; lastKnownFileType = sourcecode.c.h; path = MyScene.h; sourceTree = "<group>"; };
		8A13444E196BA00900E6EE72 /* MyScene.m */ = {isa = PBXFileReference; lastKnownFileType = sourcecode.c.objc; path = MyScene.m; sourceTree = "<group>"; };
		8A134452196BA00900E6EE72 /* Images.xcassets */ = {isa = PBXFileReference; lastKnownFileType = folder.assetcatalog; path = Images.xcassets; sourceTree = "<group>"; };
		8A134458196BA00900E6EE72 /* Good Night, Sleep TightTests.xctest */ = {isa = PBXFileReference; explicitFileType = wrapper.cfbundle; includeInIndex = 0; path = "Good Night, Sleep TightTests.xctest"; sourceTree = BUILT_PRODUCTS_DIR; };
		8A134459196BA00900E6EE72 /* XCTest.framework */ = {isa = PBXFileReference; lastKnownFileType = wrapper.framework; name = XCTest.framework; path = Library/Frameworks/XCTest.framework; sourceTree = DEVELOPER_DIR; };
		8A134461196BA00900E6EE72 /* Good Night, Sleep TightTests-Info.plist */ = {isa = PBXFileReference; lastKnownFileType = text.plist.xml; path = "Good Night, Sleep TightTests-Info.plist"; sourceTree = "<group>"; };
		8A134463196BA00900E6EE72 /* en */ = {isa = PBXFileReference; lastKnownFileType = text.plist.strings; name = en; path = en.lproj/InfoPlist.strings; sourceTree = "<group>"; };
		8A134465196BA00900E6EE72 /* Good_Night__Sleep_TightTests.m */ = {isa = PBXFileReference; lastKnownFileType = sourcecode.c.objc; path = Good_Night__Sleep_TightTests.m; sourceTree = "<group>"; };
		8A7DFC071989B504000C3976 /* backtothestart@2x.png */ = {isa = PBXFileReference; lastKnownFileType = image.png; path = "backtothestart@2x.png"; sourceTree = "<group>"; };
		8A7DFC081989B504000C3976 /* endnightsky@2x.png */ = {isa = PBXFileReference; lastKnownFileType = image.png; path = "endnightsky@2x.png"; sourceTree = "<group>"; };
		8A7DFC091989B504000C3976 /* theend@2x.png */ = {isa = PBXFileReference; lastKnownFileType = image.png; path = "theend@2x.png"; sourceTree = "<group>"; };
		8A7DFC0B1989B504000C3976 /* gnst@2x.png */ = {isa = PBXFileReference; lastKnownFileType = image.png; path = "gnst@2x.png"; sourceTree = "<group>"; };
		8A7DFC0C1989B504000C3976 /* letsbeginbutton@2x.png */ = {isa = PBXFileReference; lastKnownFileType = image.png; path = "letsbeginbutton@2x.png"; sourceTree = "<group>"; };
		8A7DFC0D1989B504000C3976 /* s0characters-s1@2x.png */ = {isa = PBXFileReference; lastKnownFileType = image.png; path = "s0characters-s1@2x.png"; sourceTree = "<group>"; };
		8A7DFC0E1989B504000C3976 /* s0characters-s2@2x.png */ = {isa = PBXFileReference; lastKnownFileType = image.png; path = "s0characters-s2@2x.png"; sourceTree = "<group>"; };
		8A7DFC0F1989B504000C3976 /* s0characters-s3@2x.png */ = {isa = PBXFileReference; lastKnownFileType = image.png; path = "s0characters-s3@2x.png"; sourceTree = "<group>"; };
		8A7DFC101989B504000C3976 /* s0characters-s4@2x.png */ = {isa = PBXFileReference; lastKnownFileType = image.png; path = "s0characters-s4@2x.png"; sourceTree = "<group>"; };
		8A7DFC111989B504000C3976 /* s0nightsky.png */ = {isa = PBXFileReference; lastKnownFileType = image.png; path = s0nightsky.png; sourceTree = "<group>"; };
		8A7DFC121989B504000C3976 /* s0nightsky@2x.png */ = {isa = PBXFileReference; lastKnownFileType = image.png; path = "s0nightsky@2x.png"; sourceTree = "<group>"; };
		8A7DFC141989B504000C3976 /* goodnightMonkeyText.png */ = {isa = PBXFileReference; lastKnownFileType = image.png; path = goodnightMonkeyText.png; sourceTree = "<group>"; };
		8A7DFC151989B504000C3976 /* goodnightMonkeyText@2x.png */ = {isa = PBXFileReference; lastKnownFileType = image.png; path = "goodnightMonkeyText@2x.png"; sourceTree = "<group>"; };
		8A7DFC161989B504000C3976 /* monkey.png */ = {isa = PBXFileReference; lastKnownFileType = image.png; path = monkey.png; sourceTree = "<group>"; };
		8A7DFC171989B504000C3976 /* monkey@2x.png */ = {isa = PBXFileReference; lastKnownFileType = image.png; path = "monkey@2x.png"; sourceTree = "<group>"; };
		8A7DFC181989B504000C3976 /* s1foreground.png */ = {isa = PBXFileReference; lastKnownFileType = image.png; path = s1foreground.png; sourceTree = "<group>"; };
		8A7DFC191989B504000C3976 /* s1foreground@2x.png */ = {isa = PBXFileReference; lastKnownFileType = image.png; path = "s1foreground@2x.png"; sourceTree = "<group>"; };
		8A7DFC1A1989B504000C3976 /* s1leaves1.atlas */ = {isa = PBXFileReference; lastKnownFileType = folder.skatlas; path = s1leaves1.atlas; sourceTree = "<group>"; };
		8A7DFC1B1989B504000C3976 /* s1leaves1@2x.png */ = {isa = PBXFileReference; lastKnownFileType = image.png; path = "s1leaves1@2x.png"; sourceTree = "<group>"; };
		8A7DFC1C1989B504000C3976 /* s1leaves2.atlas */ = {isa = PBXFileReference; lastKnownFileType = folder.skatlas; path = s1leaves2.atlas; sourceTree = "<group>"; };
		8A7DFC1D1989B504000C3976 /* s1leaves2@2x.png */ = {isa = PBXFileReference; lastKnownFileType = image.png; path = "s1leaves2@2x.png"; sourceTree = "<group>"; };
		8A7DFC1E1989B504000C3976 /* s1leaves3.atlas */ = {isa = PBXFileReference; lastKnownFileType = folder.skatlas; path = s1leaves3.atlas; sourceTree = "<group>"; };
		8A7DFC1F1989B504000C3976 /* s1leaves3@2x.png */ = {isa = PBXFileReference; lastKnownFileType = image.png; path = "s1leaves3@2x.png"; sourceTree = "<group>"; };
		8A7DFC201989B504000C3976 /* s1nightsky.png */ = {isa = PBXFileReference; lastKnownFileType = image.png; path = s1nightsky.png; sourceTree = "<group>"; };
		8A7DFC211989B504000C3976 /* s1nightsky@2x.png */ = {isa = PBXFileReference; lastKnownFileType = image.png; path = "s1nightsky@2x.png"; sourceTree = "<group>"; };
		8A7DFC221989B504000C3976 /* sleepmonkey.atlas */ = {isa = PBXFileReference; lastKnownFileType = folder.skatlas; path = sleepmonkey.atlas; sourceTree = "<group>"; };
		8A7DFC241989B504000C3976 /* barnbackwall.png */ = {isa = PBXFileReference; lastKnownFileType = image.png; path = barnbackwall.png; sourceTree = "<group>"; };
		8A7DFC251989B504000C3976 /* barnbackwall@2x.png */ = {isa = PBXFileReference; lastKnownFileType = image.png; path = "barnbackwall@2x.png"; sourceTree = "<group>"; };
		8A7DFC261989B504000C3976 /* chicken.png */ = {isa = PBXFileReference; lastKnownFileType = image.png; path = chicken.png; sourceTree = "<group>"; };
		8A7DFC271989B504000C3976 /* chicken@2x.png */ = {isa = PBXFileReference; lastKnownFileType = image.png; path = "chicken@2x.png"; sourceTree = "<group>"; };
		8A7DFC281989B504000C3976 /* egg.png */ = {isa = PBXFileReference; lastKnownFileType = image.png; path = egg.png; sourceTree = "<group>"; };
		8A7DFC291989B504000C3976 /* egg@2x.png */ = {isa = PBXFileReference; lastKnownFileType = image.png; path = "egg@2x.png"; sourceTree = "<group>"; };
		8A7DFC2A1989B504000C3976 /* goodnight-chicken.png */ = {isa = PBXFileReference; lastKnownFileType = image.png; path = "goodnight-chicken.png"; sourceTree = "<group>"; };
		8A7DFC2B1989B504000C3976 /* goodnight-chicken@2x.png */ = {isa = PBXFileReference; lastKnownFileType = image.png; path = "goodnight-chicken@2x.png"; sourceTree = "<group>"; };
		8A7DFC2C1989B504000C3976 /* s2foreground.png */ = {isa = PBXFileReference; lastKnownFileType = image.png; path = s2foreground.png; sourceTree = "<group>"; };
		8A7DFC2D1989B504000C3976 /* s2foreground@2x.png */ = {isa = PBXFileReference; lastKnownFileType = image.png; path = "s2foreground@2x.png"; sourceTree = "<group>"; };
		8A7DFC2E1989B504000C3976 /* sleepchicken.atlas */ = {isa = PBXFileReference; lastKnownFileType = folder.skatlas; path = sleepchicken.atlas; sourceTree = "<group>"; };
		8A7DFC301989B504000C3976 /* apple@2x.png */ = {isa = PBXFileReference; lastKnownFileType = image.png; path = "apple@2x.png"; sourceTree = "<group>"; };
		8A7DFC311989B504000C3976 /* cow.png */ = {isa = PBXFileReference; lastKnownFileType = image.png; path = cow.png; sourceTree = "<group>"; };
		8A7DFC321989B504000C3976 /* cow@2x.png */ = {isa = PBXFileReference; lastKnownFileType = image.png; path = "cow@2x.png"; sourceTree = "<group>"; };
		8A7DFC331989B504000C3976 /* goodnight-cow.png */ = {isa = PBXFileReference; lastKnownFileType = image.png; path = "goodnight-cow.png"; sourceTree = "<group>"; };
		8A7DFC341989B504000C3976 /* goodnight-cow@2x.png */ = {isa = PBXFileReference; lastKnownFileType = image.png; path = "goodnight-cow@2x.png"; sourceTree = "<group>"; };
		8A7DFC351989B504000C3976 /* houselightsoff.png */ = {isa = PBXFileReference; lastKnownFileType = image.png; path = houselightsoff.png; sourceTree = "<group>"; };
		8A7DFC361989B504000C3976 /* houselightsoff@2x.png */ = {isa = PBXFileReference; lastKnownFileType = image.png; path = "houselightsoff@2x.png"; sourceTree = "<group>"; };
		8A7DFC371989B504000C3976 /* houselightson.png */ = {isa = PBXFileReference; lastKnownFileType = image.png; path = houselightson.png; sourceTree = "<group>"; };
		8A7DFC381989B504000C3976 /* houselightson@2x.png */ = {isa = PBXFileReference; lastKnownFileType = image.png; path = "houselightson@2x.png"; sourceTree = "<group>"; };
		8A7DFC391989B504000C3976 /* s3foreground.png */ = {isa = PBXFileReference; lastKnownFileType = image.png; path = s3foreground.png; sourceTree = "<group>"; };
		8A7DFC3A1989B504000C3976 /* s3foreground@2x.png */ = {isa = PBXFileReference; lastKnownFileType = image.png; path = "s3foreground@2x.png"; sourceTree = "<group>"; };
		8A7DFC3B1989B504000C3976 /* s3nightsky.png */ = {isa = PBXFileReference; lastKnownFileType = image.png; path = s3nightsky.png; sourceTree = "<group>"; };
		8A7DFC3C1989B504000C3976 /* s3nightsky@2x.png */ = {isa = PBXFileReference; lastKnownFileType = image.png; path = "s3nightsky@2x.png"; sourceTree = "<group>"; };
		8A7DFC3D1989B504000C3976 /* s3treetop@2x.png */ = {isa = PBXFileReference; lastKnownFileType = image.png; path = "s3treetop@2x.png"; sourceTree = "<group>"; };
		8A7DFC3E1989B504000C3976 /* sleepcow.atlas */ = {isa = PBXFileReference; lastKnownFileType = folder.skatlas; path = sleepcow.atlas; sourceTree = "<group>"; };
		8A7DFC401989B504000C3976 /* bubble@2x.png */ = {isa = PBXFileReference; lastKnownFileType = image.png; path = "bubble@2x.png"; sourceTree = "<group>"; };
		8A7DFC411989B504000C3976 /* bubblepop@2x.png */ = {isa = PBXFileReference; lastKnownFileType = image.png; path = "bubblepop@2x.png"; sourceTree = "<group>"; };
		8A7DFC421989B504000C3976 /* coral1.atlas */ = {isa = PBXFileReference; lastKnownFileType = folder.skatlas; path = coral1.atlas; sourceTree = "<group>"; };
		8A7DFC431989B504000C3976 /* coral1@2x.png */ = {isa = PBXFileReference; lastKnownFileType = image.png; path = "coral1@2x.png"; sourceTree = "<group>"; };
		8A7DFC441989B504000C3976 /* crab.atlas */ = {isa = PBXFileReference; lastKnownFileType = folder.skatlas; path = crab.atlas; sourceTree = "<group>"; };
		8A7DFC451989B504000C3976 /* crab@2x.png */ = {isa = PBXFileReference; lastKnownFileType = image.png; path = "crab@2x.png"; sourceTree = "<group>"; };
		8A7DFC461989B504000C3976 /* eel.atlas */ = {isa = PBXFileReference; lastKnownFileType = folder.skatlas; path = eel.atlas; sourceTree = "<group>"; };
		8A7DFC471989B504000C3976 /* eel@2x.png */ = {isa = PBXFileReference; lastKnownFileType = image.png; path = "eel@2x.png"; sourceTree = "<group>"; };
		8A7DFC481989B504000C3976 /* fish@2x.png */ = {isa = PBXFileReference; lastKnownFileType = image.png; path = "fish@2x.png"; sourceTree = "<group>"; };
		8A7DFC491989B504000C3976 /* goodnight-fish@2x.png */ = {isa = PBXFileReference; lastKnownFileType = image.png; path = "goodnight-fish@2x.png"; sourceTree = "<group>"; };
		8A7DFC4A1989B504000C3976 /* s4nightsky@2x.png */ = {isa = PBXFileReference; lastKnownFileType = image.png; path = "s4nightsky@2x.png"; sourceTree = "<group>"; };
		8A7DFC4B1989B504000C3976 /* sleepfish.atlas */ = {isa = PBXFileReference; lastKnownFileType = folder.skatlas; path = sleepfish.atlas; sourceTree = "<group>"; };
		8A7DFC4D1989B504000C3976 /* chicken.wav */ = {isa = PBXFileReference; lastKnownFileType = audio.wav; path = chicken.wav; sourceTree = "<group>"; };
		8A7DFC4E1989B504000C3976 /* click.wav */ = {isa = PBXFileReference; lastKnownFileType = audio.wav; path = click.wav; sourceTree = "<group>"; };
		8A7DFC4F1989B504000C3976 /* cow.wav */ = {isa = PBXFileReference; lastKnownFileType = audio.wav; path = cow.wav; sourceTree = "<group>"; };
		8A7DFC501989B504000C3976 /* lightswitch.wav */ = {isa = PBXFileReference; lastKnownFileType = audio.wav; path = lightswitch.wav; sourceTree = "<group>"; };
		8A7DFC511989B504000C3976 /* monkey.wav */ = {isa = PBXFileReference; lastKnownFileType = audio.wav; path = monkey.wav; sourceTree = "<group>"; };
		8A7DFC521989B504000C3976 /* plop.wav */ = {isa = PBXFileReference; lastKnownFileType = audio.wav; path = plop.wav; sourceTree = "<group>"; };
		8A7DFC531989B504000C3976 /* ting.wav */ = {isa = PBXFileReference; lastKnownFileType = audio.wav; path = ting.wav; sourceTree = "<group>"; };
		8A7DFC541989B504000C3976 /* ukulele.wav */ = {isa = PBXFileReference; lastKnownFileType = audio.wav; path = ukulele.wav; sourceTree = "<group>"; };
		8ACC82461974A41500B7058B /* Scene2.h */ = {isa = PBXFileReference; fileEncoding = 4; lastKnownFileType = sourcecode.c.h; path = Scene2.h; sourceTree = "<group>"; };
		8ACC82471974A41500B7058B /* Scene2.m */ = {isa = PBXFileReference; fileEncoding = 4; lastKnownFileType = sourcecode.c.objc; path = Scene2.m; sourceTree = "<group>"; };
		8ACC82491974C9CD00B7058B /* DimensionTest@2x.png */ = {isa = PBXFileReference; lastKnownFileType = image.png; name = "DimensionTest@2x.png"; path = "Good Night, Sleep Tight/DimensionTest@2x.png"; sourceTree = "<group>"; };
		8ACC824B1974CD6100B7058B /* DimensionTest.png */ = {isa = PBXFileReference; lastKnownFileType = image.png; name = DimensionTest.png; path = "Good Night, Sleep Tight/DimensionTest.png"; sourceTree = "<group>"; };
		8ACC82751975007800B7058B /* DrawingOrder.h */ = {isa = PBXFileReference; fileEncoding = 4; lastKnownFileType = sourcecode.c.h; path = DrawingOrder.h; sourceTree = "<group>"; };
		8ACC83F9197DED8D00B7058B /* Scene3.h */ = {isa = PBXFileReference; fileEncoding = 4; lastKnownFileType = sourcecode.c.h; path = Scene3.h; sourceTree = "<group>"; };
		8ACC83FA197DEDBE00B7058B /* Scene3.m */ = {isa = PBXFileReference; fileEncoding = 4; lastKnownFileType = sourcecode.c.objc; path = Scene3.m; sourceTree = "<group>"; };
		8ACC845C197F459100B7058B /* EndScene.h */ = {isa = PBXFileReference; fileEncoding = 4; lastKnownFileType = sourcecode.c.h; path = EndScene.h; sourceTree = "<group>"; };
		8ACC845D197F45BE00B7058B /* EndScene.m */ = {isa = PBXFileReference; fileEncoding = 4; lastKnownFileType = sourcecode.c.objc; path = EndScene.m; sourceTree = "<group>"; };
		8ACC84CE197FA38E00B7058B /* Scene1.h */ = {isa = PBXFileReference; fileEncoding = 4; lastKnownFileType = sourcecode.c.h; path = Scene1.h; sourceTree = "<group>"; };
		8ACC84CF197FA39C00B7058B /* Scene1.m */ = {isa = PBXFileReference; fileEncoding = 4; lastKnownFileType = sourcecode.c.objc; path = Scene1.m; sourceTree = "<group>"; };
		8ACC854119876AA300B7058B /* Scene4.h */ = {isa = PBXFileReference; fileEncoding = 4; lastKnownFileType = sourcecode.c.h; path = Scene4.h; sourceTree = "<group>"; };
		8ACC854219876AB200B7058B /* Scene4.m */ = {isa = PBXFileReference; fileEncoding = 4; lastKnownFileType = sourcecode.c.objc; path = Scene4.m; sourceTree = "<group>"; };
/* End PBXFileReference section */

/* Begin PBXFrameworksBuildPhase section */
		8A13442D196BA00900E6EE72 /* Frameworks */ = {
			isa = PBXFrameworksBuildPhase;
			buildActionMask = 2147483647;
			files = (
				8A134436196BA00900E6EE72 /* CoreGraphics.framework in Frameworks */,
				8A134438196BA00900E6EE72 /* UIKit.framework in Frameworks */,
				8A13443A196BA00900E6EE72 /* SpriteKit.framework in Frameworks */,
				8A134434196BA00900E6EE72 /* Foundation.framework in Frameworks */,
			);
			runOnlyForDeploymentPostprocessing = 0;
		};
		8A134455196BA00900E6EE72 /* Frameworks */ = {
			isa = PBXFrameworksBuildPhase;
			buildActionMask = 2147483647;
			files = (
				8A13445A196BA00900E6EE72 /* XCTest.framework in Frameworks */,
				8A13445C196BA00900E6EE72 /* UIKit.framework in Frameworks */,
				8A13445B196BA00900E6EE72 /* Foundation.framework in Frameworks */,
			);
			runOnlyForDeploymentPostprocessing = 0;
		};
/* End PBXFrameworksBuildPhase section */

/* Begin PBXGroup section */
		8A134427196BA00900E6EE72 = {
			isa = PBXGroup;
			children = (
				8ACC824B1974CD6100B7058B /* DimensionTest.png */,
				8ACC82491974C9CD00B7058B /* DimensionTest@2x.png */,
				8A13443B196BA00900E6EE72 /* Good Night, Sleep Tight */,
				8A13445F196BA00900E6EE72 /* Good Night, Sleep TightTests */,
				8A134432196BA00900E6EE72 /* Frameworks */,
				8A134431196BA00900E6EE72 /* Products */,
			);
			sourceTree = "<group>";
		};
		8A134431196BA00900E6EE72 /* Products */ = {
			isa = PBXGroup;
			children = (
				8A134430196BA00900E6EE72 /* Good Night, Sleep Tight.app */,
				8A134458196BA00900E6EE72 /* Good Night, Sleep TightTests.xctest */,
			);
			name = Products;
			sourceTree = "<group>";
		};
		8A134432196BA00900E6EE72 /* Frameworks */ = {
			isa = PBXGroup;
			children = (
				8A134433196BA00900E6EE72 /* Foundation.framework */,
				8A134435196BA00900E6EE72 /* CoreGraphics.framework */,
				8A134437196BA00900E6EE72 /* UIKit.framework */,
				8A134439196BA00900E6EE72 /* SpriteKit.framework */,
				8A134459196BA00900E6EE72 /* XCTest.framework */,
			);
			name = Frameworks;
			sourceTree = "<group>";
		};
		8A13443B196BA00900E6EE72 /* Good Night, Sleep Tight */ = {
			isa = PBXGroup;
			children = (
				8A7DFC061989B504000C3976 /* endsceneassets */,
				8A7DFC0A1989B504000C3976 /* scene0assets */,
				8A7DFC131989B504000C3976 /* scene1assets */,
				8A7DFC231989B504000C3976 /* scene2assets */,
				8A7DFC2F1989B504000C3976 /* scene3assets */,
				8A7DFC3F1989B504000C3976 /* scene4assets */,
				8A7DFC4C1989B504000C3976 /* soundassets */,
				8A134444196BA00900E6EE72 /* AppDelegate.h */,
				8A134445196BA00900E6EE72 /* AppDelegate.m */,
				8A134447196BA00900E6EE72 /* Main.storyboard */,
				8A13444A196BA00900E6EE72 /* ViewController.h */,
				8ACC82751975007800B7058B /* DrawingOrder.h */,
				8A13444B196BA00900E6EE72 /* ViewController.m */,
				8A13444D196BA00900E6EE72 /* MyScene.h */,
				8A13444E196BA00900E6EE72 /* MyScene.m */,
				8ACC84CE197FA38E00B7058B /* Scene1.h */,
				8ACC84CF197FA39C00B7058B /* Scene1.m */,
				8ACC82461974A41500B7058B /* Scene2.h */,
				8ACC82471974A41500B7058B /* Scene2.m */,
				8ACC83F9197DED8D00B7058B /* Scene3.h */,
				8ACC83FA197DEDBE00B7058B /* Scene3.m */,
				8ACC854119876AA300B7058B /* Scene4.h */,
				8ACC854219876AB200B7058B /* Scene4.m */,
				8ACC845C197F459100B7058B /* EndScene.h */,
				8ACC845D197F45BE00B7058B /* EndScene.m */,
				8A134452196BA00900E6EE72 /* Images.xcassets */,
				8A13443C196BA00900E6EE72 /* Supporting Files */,
			);
			path = "Good Night, Sleep Tight";
			sourceTree = "<group>";
		};
		8A13443C196BA00900E6EE72 /* Supporting Files */ = {
			isa = PBXGroup;
			children = (
				8A13443D196BA00900E6EE72 /* Good Night, Sleep Tight-Info.plist */,
				8A13443E196BA00900E6EE72 /* InfoPlist.strings */,
				8A134441196BA00900E6EE72 /* main.m */,
				8A134443196BA00900E6EE72 /* Good Night, Sleep Tight-Prefix.pch */,
			);
			name = "Supporting Files";
			sourceTree = "<group>";
		};
		8A13445F196BA00900E6EE72 /* Good Night, Sleep TightTests */ = {
			isa = PBXGroup;
			children = (
				8A134465196BA00900E6EE72 /* Good_Night__Sleep_TightTests.m */,
				8A134460196BA00900E6EE72 /* Supporting Files */,
			);
			path = "Good Night, Sleep TightTests";
			sourceTree = "<group>";
		};
		8A134460196BA00900E6EE72 /* Supporting Files */ = {
			isa = PBXGroup;
			children = (
				8A134461196BA00900E6EE72 /* Good Night, Sleep TightTests-Info.plist */,
				8A134462196BA00900E6EE72 /* InfoPlist.strings */,
			);
			name = "Supporting Files";
			sourceTree = "<group>";
		};
		8A7DFC061989B504000C3976 /* endsceneassets */ = {
			isa = PBXGroup;
			children = (
				8A7DFC071989B504000C3976 /* backtothestart@2x.png */,
				8A7DFC081989B504000C3976 /* endnightsky@2x.png */,
				8A7DFC091989B504000C3976 /* theend@2x.png */,
			);
			path = endsceneassets;
			sourceTree = "<group>";
		};
		8A7DFC0A1989B504000C3976 /* scene0assets */ = {
			isa = PBXGroup;
			children = (
				8A7DFC0B1989B504000C3976 /* gnst@2x.png */,
				8A7DFC0C1989B504000C3976 /* letsbeginbutton@2x.png */,
				8A7DFC0D1989B504000C3976 /* s0characters-s1@2x.png */,
				8A7DFC0E1989B504000C3976 /* s0characters-s2@2x.png */,
				8A7DFC0F1989B504000C3976 /* s0characters-s3@2x.png */,
				8A7DFC101989B504000C3976 /* s0characters-s4@2x.png */,
				8A7DFC111989B504000C3976 /* s0nightsky.png */,
				8A7DFC121989B504000C3976 /* s0nightsky@2x.png */,
			);
			path = scene0assets;
			sourceTree = "<group>";
		};
		8A7DFC131989B504000C3976 /* scene1assets */ = {
			isa = PBXGroup;
			children = (
				8A7DFC141989B504000C3976 /* goodnightMonkeyText.png */,
				8A7DFC151989B504000C3976 /* goodnightMonkeyText@2x.png */,
				8A7DFC161989B504000C3976 /* monkey.png */,
				8A7DFC171989B504000C3976 /* monkey@2x.png */,
				8A7DFC181989B504000C3976 /* s1foreground.png */,
				8A7DFC191989B504000C3976 /* s1foreground@2x.png */,
				8A7DFC1A1989B504000C3976 /* s1leaves1.atlas */,
				8A7DFC1B1989B504000C3976 /* s1leaves1@2x.png */,
				8A7DFC1C1989B504000C3976 /* s1leaves2.atlas */,
				8A7DFC1D1989B504000C3976 /* s1leaves2@2x.png */,
				8A7DFC1E1989B504000C3976 /* s1leaves3.atlas */,
				8A7DFC1F1989B504000C3976 /* s1leaves3@2x.png */,
				8A7DFC201989B504000C3976 /* s1nightsky.png */,
				8A7DFC211989B504000C3976 /* s1nightsky@2x.png */,
				8A7DFC221989B504000C3976 /* sleepmonkey.atlas */,
			);
			path = scene1assets;
			sourceTree = "<group>";
		};
		8A7DFC231989B504000C3976 /* scene2assets */ = {
			isa = PBXGroup;
			children = (
				8A7DFC241989B504000C3976 /* barnbackwall.png */,
				8A7DFC251989B504000C3976 /* barnbackwall@2x.png */,
				8A7DFC261989B504000C3976 /* chicken.png */,
				8A7DFC271989B504000C3976 /* chicken@2x.png */,
				8A7DFC281989B504000C3976 /* egg.png */,
				8A7DFC291989B504000C3976 /* egg@2x.png */,
				8A7DFC2A1989B504000C3976 /* goodnight-chicken.png */,
				8A7DFC2B1989B504000C3976 /* goodnight-chicken@2x.png */,
				8A7DFC2C1989B504000C3976 /* s2foreground.png */,
				8A7DFC2D1989B504000C3976 /* s2foreground@2x.png */,
				8A7DFC2E1989B504000C3976 /* sleepchicken.atlas */,
			);
			path = scene2assets;
			sourceTree = "<group>";
		};
		8A7DFC2F1989B504000C3976 /* scene3assets */ = {
			isa = PBXGroup;
			children = (
				8A7DFC301989B504000C3976 /* apple@2x.png */,
				8A7DFC311989B504000C3976 /* cow.png */,
				8A7DFC321989B504000C3976 /* cow@2x.png */,
				8A7DFC331989B504000C3976 /* goodnight-cow.png */,
				8A7DFC341989B504000C3976 /* goodnight-cow@2x.png */,
				8A7DFC351989B504000C3976 /* houselightsoff.png */,
				8A7DFC361989B504000C3976 /* houselightsoff@2x.png */,
				8A7DFC371989B504000C3976 /* houselightson.png */,
				8A7DFC381989B504000C3976 /* houselightson@2x.png */,
				8A7DFC391989B504000C3976 /* s3foreground.png */,
				8A7DFC3A1989B504000C3976 /* s3foreground@2x.png */,
				8A7DFC3B1989B504000C3976 /* s3nightsky.png */,
				8A7DFC3C1989B504000C3976 /* s3nightsky@2x.png */,
				8A7DFC3D1989B504000C3976 /* s3treetop@2x.png */,
				8A7DFC3E1989B504000C3976 /* sleepcow.atlas */,
			);
			path = scene3assets;
			sourceTree = "<group>";
		};
		8A7DFC3F1989B504000C3976 /* scene4assets */ = {
			isa = PBXGroup;
			children = (
				8A7DFC401989B504000C3976 /* bubble@2x.png */,
				8A7DFC411989B504000C3976 /* bubblepop@2x.png */,
				8A7DFC421989B504000C3976 /* coral1.atlas */,
				8A7DFC431989B504000C3976 /* coral1@2x.png */,
				8A7DFC441989B504000C3976 /* crab.atlas */,
				8A7DFC451989B504000C3976 /* crab@2x.png */,
				8A7DFC461989B504000C3976 /* eel.atlas */,
				8A7DFC471989B504000C3976 /* eel@2x.png */,
				8A7DFC481989B504000C3976 /* fish@2x.png */,
				8A7DFC491989B504000C3976 /* goodnight-fish@2x.png */,
				8A7DFC4A1989B504000C3976 /* s4nightsky@2x.png */,
				8A7DFC4B1989B504000C3976 /* sleepfish.atlas */,
			);
			path = scene4assets;
			sourceTree = "<group>";
		};
		8A7DFC4C1989B504000C3976 /* soundassets */ = {
			isa = PBXGroup;
			children = (
				8A7DFC4D1989B504000C3976 /* chicken.wav */,
				8A7DFC4E1989B504000C3976 /* click.wav */,
				8A7DFC4F1989B504000C3976 /* cow.wav */,
				8A7DFC501989B504000C3976 /* lightswitch.wav */,
				8A7DFC511989B504000C3976 /* monkey.wav */,
				8A7DFC521989B504000C3976 /* plop.wav */,
				8A7DFC531989B504000C3976 /* ting.wav */,
				8A7DFC541989B504000C3976 /* ukulele.wav */,
			);
			path = soundassets;
			sourceTree = "<group>";
		};
/* End PBXGroup section */

/* Begin PBXNativeTarget section */
		8A13442F196BA00900E6EE72 /* Good Night, Sleep Tight */ = {
			isa = PBXNativeTarget;
			buildConfigurationList = 8A134469196BA00900E6EE72 /* Build configuration list for PBXNativeTarget "Good Night, Sleep Tight" */;
			buildPhases = (
				8A13442C196BA00900E6EE72 /* Sources */,
				8A13442D196BA00900E6EE72 /* Frameworks */,
				8A13442E196BA00900E6EE72 /* Resources */,
			);
			buildRules = (
			);
			dependencies = (
			);
			name = "Good Night, Sleep Tight";
			productName = "Good Night, Sleep Tight";
			productReference = 8A134430196BA00900E6EE72 /* Good Night, Sleep Tight.app */;
			productType = "com.apple.product-type.application";
		};
		8A134457196BA00900E6EE72 /* Good Night, Sleep TightTests */ = {
			isa = PBXNativeTarget;
			buildConfigurationList = 8A13446C196BA00900E6EE72 /* Build configuration list for PBXNativeTarget "Good Night, Sleep TightTests" */;
			buildPhases = (
				8A134454196BA00900E6EE72 /* Sources */,
				8A134455196BA00900E6EE72 /* Frameworks */,
				8A134456196BA00900E6EE72 /* Resources */,
			);
			buildRules = (
			);
			dependencies = (
				8A13445E196BA00900E6EE72 /* PBXTargetDependency */,
			);
			name = "Good Night, Sleep TightTests";
			productName = "Good Night, Sleep TightTests";
			productReference = 8A134458196BA00900E6EE72 /* Good Night, Sleep TightTests.xctest */;
			productType = "com.apple.product-type.bundle.unit-test";
		};
/* End PBXNativeTarget section */

/* Begin PBXProject section */
		8A134428196BA00900E6EE72 /* Project object */ = {
			isa = PBXProject;
			attributes = {
				LastUpgradeCheck = 0510;
				ORGANIZATIONNAME = "cara hewitt";
				TargetAttributes = {
					8A134457196BA00900E6EE72 = {
						TestTargetID = 8A13442F196BA00900E6EE72;
					};
				};
			};
			buildConfigurationList = 8A13442B196BA00900E6EE72 /* Build configuration list for PBXProject "Good Night, Sleep Tight" */;
			compatibilityVersion = "Xcode 3.2";
			developmentRegion = English;
			hasScannedForEncodings = 0;
			knownRegions = (
				en,
				Base,
			);
			mainGroup = 8A134427196BA00900E6EE72;
			productRefGroup = 8A134431196BA00900E6EE72 /* Products */;
			projectDirPath = "";
			projectRoot = "";
			targets = (
				8A13442F196BA00900E6EE72 /* Good Night, Sleep Tight */,
				8A134457196BA00900E6EE72 /* Good Night, Sleep TightTests */,
			);
		};
/* End PBXProject section */

/* Begin PBXResourcesBuildPhase section */
		8A13442E196BA00900E6EE72 /* Resources */ = {
			isa = PBXResourcesBuildPhase;
			buildActionMask = 2147483647;
			files = (
				8A7DFC5B1989B504000C3976 /* s0characters-s2@2x.png in Resources */,
				8A7DFC8B1989B504000C3976 /* coral1.atlas in Resources */,
				8A7DFC951989B504000C3976 /* chicken.wav in Resources */,
				8A7DFC8F1989B504000C3976 /* eel.atlas in Resources */,
				8A7DFC901989B504000C3976 /* eel@2x.png in Resources */,
				8A7DFC621989B504000C3976 /* monkey.png in Resources */,
				8A7DFC821989B504000C3976 /* houselightson@2x.png in Resources */,
				8A7DFC5A1989B504000C3976 /* s0characters-s1@2x.png in Resources */,
				8A7DFC761989B504000C3976 /* goodnight-chicken@2x.png in Resources */,
				8A7DFC6D1989B504000C3976 /* s1nightsky@2x.png in Resources */,
				8A7DFC9B1989B504000C3976 /* ting.wav in Resources */,
				8A7DFC691989B504000C3976 /* s1leaves2@2x.png in Resources */,
				8A7DFC5F1989B504000C3976 /* s0nightsky@2x.png in Resources */,
				8A134440196BA00900E6EE72 /* InfoPlist.strings in Resources */,
				8A7DFC7A1989B504000C3976 /* apple@2x.png in Resources */,
				8A7DFC6F1989B504000C3976 /* barnbackwall.png in Resources */,
				8A7DFC631989B504000C3976 /* monkey@2x.png in Resources */,
				8ACC824C1974CD6100B7058B /* DimensionTest.png in Resources */,
				8A7DFC6E1989B504000C3976 /* sleepmonkey.atlas in Resources */,
				8A7DFC8D1989B504000C3976 /* crab.atlas in Resources */,
				8A7DFC781989B504000C3976 /* s2foreground@2x.png in Resources */,
				8A7DFC811989B504000C3976 /* houselightson.png in Resources */,
				8A7DFC8A1989B504000C3976 /* bubblepop@2x.png in Resources */,
				8A7DFC7C1989B504000C3976 /* cow@2x.png in Resources */,
				8A7DFC6B1989B504000C3976 /* s1leaves3@2x.png in Resources */,
				8A7DFC651989B504000C3976 /* s1foreground@2x.png in Resources */,
				8A7DFC661989B504000C3976 /* s1leaves1.atlas in Resources */,
				8A7DFC831989B504000C3976 /* s3foreground.png in Resources */,
				8A7DFC5C1989B504000C3976 /* s0characters-s3@2x.png in Resources */,
				8A7DFC981989B504000C3976 /* lightswitch.wav in Resources */,
				8A7DFC801989B504000C3976 /* houselightsoff@2x.png in Resources */,
				8A7DFC9A1989B504000C3976 /* plop.wav in Resources */,
				8A7DFC941989B504000C3976 /* sleepfish.atlas in Resources */,
				8A7DFC8E1989B504000C3976 /* crab@2x.png in Resources */,
				8A7DFC861989B504000C3976 /* s3nightsky@2x.png in Resources */,
				8A7DFC6C1989B504000C3976 /* s1nightsky.png in Resources */,
				8A7DFC851989B504000C3976 /* s3nightsky.png in Resources */,
				8A7DFC701989B504000C3976 /* barnbackwall@2x.png in Resources */,
				8A7DFC591989B504000C3976 /* letsbeginbutton@2x.png in Resources */,
				8A7DFC971989B504000C3976 /* cow.wav in Resources */,
				8A7DFC581989B504000C3976 /* gnst@2x.png in Resources */,
				8A7DFC791989B504000C3976 /* sleepchicken.atlas in Resources */,
				8A7DFC871989B504000C3976 /* s3treetop@2x.png in Resources */,
				8A7DFC711989B504000C3976 /* chicken.png in Resources */,
				8A7DFC911989B504000C3976 /* fish@2x.png in Resources */,
				8A7DFC601989B504000C3976 /* goodnightMonkeyText.png in Resources */,
				8A7DFC731989B504000C3976 /* egg.png in Resources */,
				8A7DFC6A1989B504000C3976 /* s1leaves3.atlas in Resources */,
				8A7DFC751989B504000C3976 /* goodnight-chicken.png in Resources */,
				8A7DFC7E1989B504000C3976 /* goodnight-cow@2x.png in Resources */,
				8A7DFC841989B504000C3976 /* s3foreground@2x.png in Resources */,
				8A7DFC571989B504000C3976 /* theend@2x.png in Resources */,
				8A7DFC931989B504000C3976 /* s4nightsky@2x.png in Resources */,
				8A7DFC7F1989B504000C3976 /* houselightsoff.png in Resources */,
				8A7DFC5E1989B504000C3976 /* s0nightsky.png in Resources */,
				8A7DFC8C1989B504000C3976 /* coral1@2x.png in Resources */,
				8A7DFC771989B504000C3976 /* s2foreground.png in Resources */,
				8A7DFC7B1989B504000C3976 /* cow.png in Resources */,
				8A7DFC7D1989B504000C3976 /* goodnight-cow.png in Resources */,
				8A7DFC991989B504000C3976 /* monkey.wav in Resources */,
				8A7DFC5D1989B504000C3976 /* s0characters-s4@2x.png in Resources */,
				8A7DFC721989B504000C3976 /* chicken@2x.png in Resources */,
				8A7DFC561989B504000C3976 /* endnightsky@2x.png in Resources */,
				8A7DFC641989B504000C3976 /* s1foreground.png in Resources */,
				8A7DFC881989B504000C3976 /* sleepcow.atlas in Resources */,
				8A7DFC681989B504000C3976 /* s1leaves2.atlas in Resources */,
				8A7DFC671989B504000C3976 /* s1leaves1@2x.png in Resources */,
				8A134453196BA00900E6EE72 /* Images.xcassets in Resources */,
				8ACC824A1974C9CD00B7058B /* DimensionTest@2x.png in Resources */,
				8A134449196BA00900E6EE72 /* Main.storyboard in Resources */,
				8A7DFC921989B504000C3976 /* goodnight-fish@2x.png in Resources */,
				8A7DFC741989B504000C3976 /* egg@2x.png in Resources */,
				8A7DFC611989B504000C3976 /* goodnightMonkeyText@2x.png in Resources */,
				8A7DFC891989B504000C3976 /* bubble@2x.png in Resources */,
				8A7DFC9C1989B504000C3976 /* ukulele.wav in Resources */,
				8A7DFC551989B504000C3976 /* backtothestart@2x.png in Resources */,
				8A7DFC961989B504000C3976 /* click.wav in Resources */,
			);
			runOnlyForDeploymentPostprocessing = 0;
		};
		8A134456196BA00900E6EE72 /* Resources */ = {
			isa = PBXResourcesBuildPhase;
			buildActionMask = 2147483647;
			files = (
				8A134464196BA00900E6EE72 /* InfoPlist.strings in Resources */,
			);
			runOnlyForDeploymentPostprocessing = 0;
		};
/* End PBXResourcesBuildPhase section */

/* Begin PBXSourcesBuildPhase section */
		8A13442C196BA00900E6EE72 /* Sources */ = {
			isa = PBXSourcesBuildPhase;
			buildActionMask = 2147483647;
			files = (
				8A13444F196BA00900E6EE72 /* MyScene.m in Sources */,
				8A13444C196BA00900E6EE72 /* ViewController.m in Sources */,
				8ACC84D0197FA39C00B7058B /* Scene1.m in Sources */,
				8A134446196BA00900E6EE72 /* AppDelegate.m in Sources */,
				8A134442196BA00900E6EE72 /* main.m in Sources */,
				8ACC845E197F45BE00B7058B /* EndScene.m in Sources */,
				8ACC854319876AB200B7058B /* Scene4.m in Sources */,
				8ACC83FB197DEDBE00B7058B /* Scene3.m in Sources */,
				8ACC82481974A41500B7058B /* Scene2.m in Sources */,
			);
			runOnlyForDeploymentPostprocessing = 0;
		};
		8A134454196BA00900E6EE72 /* Sources */ = {
			isa = PBXSourcesBuildPhase;
			buildActionMask = 2147483647;
			files = (
				8A134466196BA00900E6EE72 /* Good_Night__Sleep_TightTests.m in Sources */,
			);
			runOnlyForDeploymentPostprocessing = 0;
		};
/* End PBXSourcesBuildPhase section */

/* Begin PBXTargetDependency section */
		8A13445E196BA00900E6EE72 /* PBXTargetDependency */ = {
			isa = PBXTargetDependency;
			target = 8A13442F196BA00900E6EE72 /* Good Night, Sleep Tight */;
			targetProxy = 8A13445D196BA00900E6EE72 /* PBXContainerItemProxy */;
		};
/* End PBXTargetDependency section */

/* Begin PBXVariantGroup section */
		8A13443E196BA00900E6EE72 /* InfoPlist.strings */ = {
			isa = PBXVariantGroup;
			children = (
				8A13443F196BA00900E6EE72 /* en */,
			);
			name = InfoPlist.strings;
			sourceTree = "<group>";
		};
		8A134447196BA00900E6EE72 /* Main.storyboard */ = {
			isa = PBXVariantGroup;
			children = (
				8A134448196BA00900E6EE72 /* Base */,
			);
			name = Main.storyboard;
			sourceTree = "<group>";
		};
		8A134462196BA00900E6EE72 /* InfoPlist.strings */ = {
			isa = PBXVariantGroup;
			children = (
				8A134463196BA00900E6EE72 /* en */,
			);
			name = InfoPlist.strings;
			sourceTree = "<group>";
		};
/* End PBXVariantGroup section */

/* Begin XCBuildConfiguration section */
		8A134467196BA00900E6EE72 /* Debug */ = {
			isa = XCBuildConfiguration;
			buildSettings = {
				ALWAYS_SEARCH_USER_PATHS = NO;
				CLANG_CXX_LANGUAGE_STANDARD = "gnu++0x";
				CLANG_CXX_LIBRARY = "libc++";
				CLANG_ENABLE_MODULES = YES;
				CLANG_ENABLE_OBJC_ARC = YES;
				CLANG_WARN_BOOL_CONVERSION = YES;
				CLANG_WARN_CONSTANT_CONVERSION = YES;
				CLANG_WARN_DIRECT_OBJC_ISA_USAGE = YES_ERROR;
				CLANG_WARN_EMPTY_BODY = YES;
				CLANG_WARN_ENUM_CONVERSION = YES;
				CLANG_WARN_INT_CONVERSION = YES;
				CLANG_WARN_OBJC_ROOT_CLASS = YES_ERROR;
				CLANG_WARN__DUPLICATE_METHOD_MATCH = YES;
				"CODE_SIGN_IDENTITY[sdk=iphoneos*]" = "iPhone Developer";
				COPY_PHASE_STRIP = NO;
				GCC_C_LANGUAGE_STANDARD = gnu99;
				GCC_DYNAMIC_NO_PIC = NO;
				GCC_OPTIMIZATION_LEVEL = 0;
				GCC_PREPROCESSOR_DEFINITIONS = (
					"DEBUG=1",
					"$(inherited)",
				);
				GCC_SYMBOLS_PRIVATE_EXTERN = NO;
				GCC_WARN_64_TO_32_BIT_CONVERSION = YES;
				GCC_WARN_ABOUT_RETURN_TYPE = YES_ERROR;
				GCC_WARN_UNDECLARED_SELECTOR = YES;
				GCC_WARN_UNINITIALIZED_AUTOS = YES_AGGRESSIVE;
				GCC_WARN_UNUSED_FUNCTION = YES;
				GCC_WARN_UNUSED_VARIABLE = YES;
				IPHONEOS_DEPLOYMENT_TARGET = 7.1;
				ONLY_ACTIVE_ARCH = YES;
				SDKROOT = iphoneos;
				TARGETED_DEVICE_FAMILY = 2;
			};
			name = Debug;
		};
		8A134468196BA00900E6EE72 /* Release */ = {
			isa = XCBuildConfiguration;
			buildSettings = {
				ALWAYS_SEARCH_USER_PATHS = NO;
				CLANG_CXX_LANGUAGE_STANDARD = "gnu++0x";
				CLANG_CXX_LIBRARY = "libc++";
				CLANG_ENABLE_MODULES = YES;
				CLANG_ENABLE_OBJC_ARC = YES;
				CLANG_WARN_BOOL_CONVERSION = YES;
				CLANG_WARN_CONSTANT_CONVERSION = YES;
				CLANG_WARN_DIRECT_OBJC_ISA_USAGE = YES_ERROR;
				CLANG_WARN_EMPTY_BODY = YES;
				CLANG_WARN_ENUM_CONVERSION = YES;
				CLANG_WARN_INT_CONVERSION = YES;
				CLANG_WARN_OBJC_ROOT_CLASS = YES_ERROR;
				CLANG_WARN__DUPLICATE_METHOD_MATCH = YES;
				"CODE_SIGN_IDENTITY[sdk=iphoneos*]" = "iPhone Developer";
				COPY_PHASE_STRIP = YES;
				ENABLE_NS_ASSERTIONS = NO;
				GCC_C_LANGUAGE_STANDARD = gnu99;
				GCC_WARN_64_TO_32_BIT_CONVERSION = YES;
				GCC_WARN_ABOUT_RETURN_TYPE = YES_ERROR;
				GCC_WARN_UNDECLARED_SELECTOR = YES;
				GCC_WARN_UNINITIALIZED_AUTOS = YES_AGGRESSIVE;
				GCC_WARN_UNUSED_FUNCTION = YES;
				GCC_WARN_UNUSED_VARIABLE = YES;
				IPHONEOS_DEPLOYMENT_TARGET = 7.1;
				SDKROOT = iphoneos;
				TARGETED_DEVICE_FAMILY = 2;
				VALIDATE_PRODUCT = YES;
			};
			name = Release;
		};
		8A13446A196BA00900E6EE72 /* Debug */ = {
			isa = XCBuildConfiguration;
			buildSettings = {
				ASSETCATALOG_COMPILER_APPICON_NAME = AppIcon;
				ASSETCATALOG_COMPILER_LAUNCHIMAGE_NAME = LaunchImage;
				GCC_PRECOMPILE_PREFIX_HEADER = YES;
				GCC_PREFIX_HEADER = "Good Night, Sleep Tight/Good Night, Sleep Tight-Prefix.pch";
				INFOPLIST_FILE = "Good Night, Sleep Tight/Good Night, Sleep Tight-Info.plist";
				PRODUCT_NAME = "$(TARGET_NAME)";
				SPRITEKIT_TEXTURE_ATLAS_OUTPUT = YES;
				WRAPPER_EXTENSION = app;
			};
			name = Debug;
		};
		8A13446B196BA00900E6EE72 /* Release */ = {
			isa = XCBuildConfiguration;
			buildSettings = {
				ASSETCATALOG_COMPILER_APPICON_NAME = AppIcon;
				ASSETCATALOG_COMPILER_LAUNCHIMAGE_NAME = LaunchImage;
				GCC_PRECOMPILE_PREFIX_HEADER = YES;
				GCC_PREFIX_HEADER = "Good Night, Sleep Tight/Good Night, Sleep Tight-Prefix.pch";
				INFOPLIST_FILE = "Good Night, Sleep Tight/Good Night, Sleep Tight-Info.plist";
				PRODUCT_NAME = "$(TARGET_NAME)";
				SPRITEKIT_TEXTURE_ATLAS_OUTPUT = YES;
				WRAPPER_EXTENSION = app;
			};
			name = Release;
		};
		8A13446D196BA00900E6EE72 /* Debug */ = {
			isa = XCBuildConfiguration;
			buildSettings = {
				BUNDLE_LOADER = "$(BUILT_PRODUCTS_DIR)/Good Night, Sleep Tight.app/Good Night, Sleep Tight";
				FRAMEWORK_SEARCH_PATHS = (
					"$(SDKROOT)/Developer/Library/Frameworks",
					"$(inherited)",
					"$(DEVELOPER_FRAMEWORKS_DIR)",
				);
				GCC_PRECOMPILE_PREFIX_HEADER = YES;
				GCC_PREFIX_HEADER = "Good Night, Sleep Tight/Good Night, Sleep Tight-Prefix.pch";
				GCC_PREPROCESSOR_DEFINITIONS = (
					"DEBUG=1",
					"$(inherited)",
				);
				INFOPLIST_FILE = "Good Night, Sleep TightTests/Good Night, Sleep TightTests-Info.plist";
				PRODUCT_NAME = "$(TARGET_NAME)";
				TEST_HOST = "$(BUNDLE_LOADER)";
				WRAPPER_EXTENSION = xctest;
			};
			name = Debug;
		};
		8A13446E196BA00900E6EE72 /* Release */ = {
			isa = XCBuildConfiguration;
			buildSettings = {
				BUNDLE_LOADER = "$(BUILT_PRODUCTS_DIR)/Good Night, Sleep Tight.app/Good Night, Sleep Tight";
				FRAMEWORK_SEARCH_PATHS = (
					"$(SDKROOT)/Developer/Library/Frameworks",
					"$(inherited)",
					"$(DEVELOPER_FRAMEWORKS_DIR)",
				);
				GCC_PRECOMPILE_PREFIX_HEADER = YES;
				GCC_PREFIX_HEADER = "Good Night, Sleep Tight/Good Night, Sleep Tight-Prefix.pch";
				INFOPLIST_FILE = "Good Night, Sleep TightTests/Good Night, Sleep TightTests-Info.plist";
				PRODUCT_NAME = "$(TARGET_NAME)";
				TEST_HOST = "$(BUNDLE_LOADER)";
				WRAPPER_EXTENSION = xctest;
			};
			name = Release;
		};
/* End XCBuildConfiguration section */

/* Begin XCConfigurationList section */
		8A13442B196BA00900E6EE72 /* Build configuration list for PBXProject "Good Night, Sleep Tight" */ = {
			isa = XCConfigurationList;
			buildConfigurations = (
				8A134467196BA00900E6EE72 /* Debug */,
				8A134468196BA00900E6EE72 /* Release */,
			);
			defaultConfigurationIsVisible = 0;
			defaultConfigurationName = Release;
		};
		8A134469196BA00900E6EE72 /* Build configuration list for PBXNativeTarget "Good Night, Sleep Tight" */ = {
			isa = XCConfigurationList;
			buildConfigurations = (
				8A13446A196BA00900E6EE72 /* Debug */,
				8A13446B196BA00900E6EE72 /* Release */,
			);
			defaultConfigurationIsVisible = 0;
			defaultConfigurationName = Release;
		};
		8A13446C196BA00900E6EE72 /* Build configuration list for PBXNativeTarget "Good Night, Sleep TightTests" */ = {
			isa = XCConfigurationList;
			buildConfigurations = (
				8A13446D196BA00900E6EE72 /* Debug */,
				8A13446E196BA00900E6EE72 /* Release */,
			);
			defaultConfigurationIsVisible = 0;
			defaultConfigurationName = Release;
		};
/* End XCConfigurationList section */
	};
	rootObject = 8A134428196BA00900E6EE72 /* Project object */;
}
