// !$*UTF8*$!
{
	archiveVersion = 1;
	classes = {
	};
	objectVersion = 46;
	objects = {

/* Begin PBXBuildFile section */
		8A134434196BA00900E6EE72 /* Foundation.framework in Frameworks */ = {isa = PBXBuildFile; fileRef = 8A134433196BA00900E6EE72 /* Foundation.framework */; };
		8A134436196BA00900E6EE72 /* CoreGraphics.framework in Frameworks */ = {isa = PBXBuildFile; fileRef = 8A134435196BA00900E6EE72 /* CoreGraphics.framework */; };
		8A134438196BA00900E6EE72 /* UIKit.framework in Frameworks */ = {isa = PBXBuildFile; fileRef = 8A134437196BA00900E6EE72 /* UIKit.framework */; };
		8A13443A196BA00900E6EE72 /* SpriteKit.framework in Frameworks */ = {isa = PBXBuildFile; fileRef = 8A134439196BA00900E6EE72 /* SpriteKit.framework */; };
		8A134440196BA00900E6EE72 /* InfoPlist.strings in Resources */ = {isa = PBXBuildFile; fileRef = 8A13443E196BA00900E6EE72 /* InfoPlist.strings */; };
		8A134442196BA00900E6EE72 /* main.m in Sources */ = {isa = PBXBuildFile; fileRef = 8A134441196BA00900E6EE72 /* main.m */; };
		8A134446196BA00900E6EE72 /* AppDelegate.m in Sources */ = {isa = PBXBuildFile; fileRef = 8A134445196BA00900E6EE72 /* AppDelegate.m */; };
		8A134449196BA00900E6EE72 /* Main.storyboard in Resources */ = {isa = PBXBuildFile; fileRef = 8A134447196BA00900E6EE72 /* Main.storyboard */; };
		8A13444C196BA00900E6EE72 /* ViewController.m in Sources */ = {isa = PBXBuildFile; fileRef = 8A13444B196BA00900E6EE72 /* ViewController.m */; };
		8A13444F196BA00900E6EE72 /* MyScene.m in Sources */ = {isa = PBXBuildFile; fileRef = 8A13444E196BA00900E6EE72 /* MyScene.m */; };
		8A134453196BA00900E6EE72 /* Images.xcassets in Resources */ = {isa = PBXBuildFile; fileRef = 8A134452196BA00900E6EE72 /* Images.xcassets */; };
		8A13445A196BA00900E6EE72 /* XCTest.framework in Frameworks */ = {isa = PBXBuildFile; fileRef = 8A134459196BA00900E6EE72 /* XCTest.framework */; };
		8A13445B196BA00900E6EE72 /* Foundation.framework in Frameworks */ = {isa = PBXBuildFile; fileRef = 8A134433196BA00900E6EE72 /* Foundation.framework */; };
		8A13445C196BA00900E6EE72 /* UIKit.framework in Frameworks */ = {isa = PBXBuildFile; fileRef = 8A134437196BA00900E6EE72 /* UIKit.framework */; };
		8A134464196BA00900E6EE72 /* InfoPlist.strings in Resources */ = {isa = PBXBuildFile; fileRef = 8A134462196BA00900E6EE72 /* InfoPlist.strings */; };
		8A134466196BA00900E6EE72 /* Good_Night__Sleep_TightTests.m in Sources */ = {isa = PBXBuildFile; fileRef = 8A134465196BA00900E6EE72 /* Good_Night__Sleep_TightTests.m */; };
		8ACC82481974A41500B7058B /* Scene2.m in Sources */ = {isa = PBXBuildFile; fileRef = 8ACC82471974A41500B7058B /* Scene2.m */; };
		8ACC824A1974C9CD00B7058B /* DimensionTest@2x.png in Resources */ = {isa = PBXBuildFile; fileRef = 8ACC82491974C9CD00B7058B /* DimensionTest@2x.png */; };
		8ACC824C1974CD6100B7058B /* DimensionTest.png in Resources */ = {isa = PBXBuildFile; fileRef = 8ACC824B1974CD6100B7058B /* DimensionTest.png */; };
		8ACC83FB197DEDBE00B7058B /* Scene3.m in Sources */ = {isa = PBXBuildFile; fileRef = 8ACC83FA197DEDBE00B7058B /* Scene3.m */; };
		8ACC845E197F45BE00B7058B /* EndScene.m in Sources */ = {isa = PBXBuildFile; fileRef = 8ACC845D197F45BE00B7058B /* EndScene.m */; };
		8ACC849C197F943000B7058B /* homebutton@2x.png in Resources */ = {isa = PBXBuildFile; fileRef = 8ACC8466197F943000B7058B /* homebutton@2x.png */; };
		8ACC849D197F943000B7058B /* moon.atlas in Resources */ = {isa = PBXBuildFile; fileRef = 8ACC8467197F943000B7058B /* moon.atlas */; };
		8ACC849E197F943000B7058B /* moon.png in Resources */ = {isa = PBXBuildFile; fileRef = 8ACC8468197F943000B7058B /* moon.png */; };
		8ACC849F197F943000B7058B /* moon@2x.png in Resources */ = {isa = PBXBuildFile; fileRef = 8ACC8469197F943000B7058B /* moon@2x.png */; };
		8ACC84A0197F943000B7058B /* nextscene.png in Resources */ = {isa = PBXBuildFile; fileRef = 8ACC846A197F943000B7058B /* nextscene.png */; };
		8ACC84A1197F943000B7058B /* nextscene@2x.png in Resources */ = {isa = PBXBuildFile; fileRef = 8ACC846B197F943000B7058B /* nextscene@2x.png */; };
		8ACC84A4197F943000B7058B /* star.png in Resources */ = {isa = PBXBuildFile; fileRef = 8ACC846E197F943000B7058B /* star.png */; };
		8ACC84A5197F943000B7058B /* star@2x.png in Resources */ = {isa = PBXBuildFile; fileRef = 8ACC846F197F943000B7058B /* star@2x.png */; };
		8ACC84A9197F943000B7058B /* gigglemonkey.atlas in Resources */ = {isa = PBXBuildFile; fileRef = 8ACC8475197F943000B7058B /* gigglemonkey.atlas */; };
		8ACC84AA197F943000B7058B /* goodnightMonkeyText.png in Resources */ = {isa = PBXBuildFile; fileRef = 8ACC8476197F943000B7058B /* goodnightMonkeyText.png */; };
		8ACC84AB197F943000B7058B /* goodnightMonkeyText@2x.png in Resources */ = {isa = PBXBuildFile; fileRef = 8ACC8477197F943000B7058B /* goodnightMonkeyText@2x.png */; };
		8ACC84AD197F943000B7058B /* leaves1.png in Resources */ = {isa = PBXBuildFile; fileRef = 8ACC8479197F943000B7058B /* leaves1.png */; };
		8ACC84AE197F943000B7058B /* leaves1@2x.png in Resources */ = {isa = PBXBuildFile; fileRef = 8ACC847A197F943000B7058B /* leaves1@2x.png */; };
		8ACC84B0197F943000B7058B /* leaves2.png in Resources */ = {isa = PBXBuildFile; fileRef = 8ACC847C197F943000B7058B /* leaves2.png */; };
		8ACC84B1197F943000B7058B /* leaves2@2x.png in Resources */ = {isa = PBXBuildFile; fileRef = 8ACC847D197F943000B7058B /* leaves2@2x.png */; };
		8ACC84B2197F943000B7058B /* monkey.png in Resources */ = {isa = PBXBuildFile; fileRef = 8ACC847E197F943000B7058B /* monkey.png */; };
		8ACC84B3197F943000B7058B /* monkey@2x.png in Resources */ = {isa = PBXBuildFile; fileRef = 8ACC847F197F943000B7058B /* monkey@2x.png */; };
		8ACC84B4197F943000B7058B /* s1foreground@2x.png in Resources */ = {isa = PBXBuildFile; fileRef = 8ACC8480197F943000B7058B /* s1foreground@2x.png */; };
		8ACC84B5197F943000B7058B /* s1nightsky@2x.png in Resources */ = {isa = PBXBuildFile; fileRef = 8ACC8481197F943000B7058B /* s1nightsky@2x.png */; };
		8ACC84B6197F943000B7058B /* sleepmonkey.atlas in Resources */ = {isa = PBXBuildFile; fileRef = 8ACC8482197F943000B7058B /* sleepmonkey.atlas */; };
		8ACC84C0197F943000B7058B /* egg.png in Resources */ = {isa = PBXBuildFile; fileRef = 8ACC848D197F943000B7058B /* egg.png */; };
		8ACC84C1197F943000B7058B /* egg@2x.png in Resources */ = {isa = PBXBuildFile; fileRef = 8ACC848E197F943000B7058B /* egg@2x.png */; };
		8ACC84C2197F943000B7058B /* goodnight-chicken.png in Resources */ = {isa = PBXBuildFile; fileRef = 8ACC848F197F943000B7058B /* goodnight-chicken.png */; };
		8ACC84C3197F943000B7058B /* goodnight-chicken@2x.png in Resources */ = {isa = PBXBuildFile; fileRef = 8ACC8490197F943000B7058B /* goodnight-chicken@2x.png */; };
		8ACC84C8197F943000B7058B /* goodnight-cow@2x.png in Resources */ = {isa = PBXBuildFile; fileRef = 8ACC8496197F943000B7058B /* goodnight-cow@2x.png */; };
		8ACC84C9197F943000B7058B /* houselightsoff@2x.png in Resources */ = {isa = PBXBuildFile; fileRef = 8ACC8497197F943000B7058B /* houselightsoff@2x.png */; };
		8ACC84CA197F943000B7058B /* houselightson@2x.png in Resources */ = {isa = PBXBuildFile; fileRef = 8ACC8498197F943000B7058B /* houselightson@2x.png */; };
		8ACC84D0197FA39C00B7058B /* Scene1.m in Sources */ = {isa = PBXBuildFile; fileRef = 8ACC84CF197FA39C00B7058B /* Scene1.m */; };
		8ACC84D5197FC3CC00B7058B /* gnst@2x.png in Resources */ = {isa = PBXBuildFile; fileRef = 8ACC84D2197FC3CC00B7058B /* gnst@2x.png */; };
		8ACC84D6197FC3CC00B7058B /* s0nightsky@2x.png in Resources */ = {isa = PBXBuildFile; fileRef = 8ACC84D3197FC3CC00B7058B /* s0nightsky@2x.png */; };
		8ACC84DA197FC3DC00B7058B /* s2foreground@2x.png in Resources */ = {isa = PBXBuildFile; fileRef = 8ACC84D8197FC3DC00B7058B /* s2foreground@2x.png */; };
		8ACC84DC197FC3FF00B7058B /* barnbackwall@2x.png in Resources */ = {isa = PBXBuildFile; fileRef = 8ACC84DB197FC3FF00B7058B /* barnbackwall@2x.png */; };
		8ACC84DF197FC41100B7058B /* s3foreground@2x.png in Resources */ = {isa = PBXBuildFile; fileRef = 8ACC84DD197FC41100B7058B /* s3foreground@2x.png */; };
		8ACC84E0197FC41100B7058B /* s3nightsky@2x.png in Resources */ = {isa = PBXBuildFile; fileRef = 8ACC84DE197FC41100B7058B /* s3nightsky@2x.png */; };
		8ACC84EA197FC53800B7058B /* nextscenetab@2x.png in Resources */ = {isa = PBXBuildFile; fileRef = 8ACC84E8197FC53800B7058B /* nextscenetab@2x.png */; };
		8ACC84EB197FC53800B7058B /* previousscenetab@2x.png in Resources */ = {isa = PBXBuildFile; fileRef = 8ACC84E9197FC53800B7058B /* previousscenetab@2x.png */; };
		8ACC85201980A94400B7058B /* chicken.wav in Resources */ = {isa = PBXBuildFile; fileRef = 8ACC85151980A94400B7058B /* chicken.wav */; };
		8ACC85221980A94400B7058B /* monkey.wav in Resources */ = {isa = PBXBuildFile; fileRef = 8ACC85171980A94400B7058B /* monkey.wav */; };
		8ACC85241980A94400B7058B /* ting.wav in Resources */ = {isa = PBXBuildFile; fileRef = 8ACC85191980A94400B7058B /* ting.wav */; };
		8ACC85251980A94400B7058B /* ukulele.wav in Resources */ = {isa = PBXBuildFile; fileRef = 8ACC851A1980A94400B7058B /* ukulele.wav */; };
		8ACC852B1980A9E200B7058B /* click.wav in Resources */ = {isa = PBXBuildFile; fileRef = 8ACC85271980A9E200B7058B /* click.wav */; };
		8ACC852C1980A9E200B7058B /* cow.wav in Resources */ = {isa = PBXBuildFile; fileRef = 8ACC85281980A9E200B7058B /* cow.wav */; };
		8ACC852D1980A9E200B7058B /* lightswitch.wav in Resources */ = {isa = PBXBuildFile; fileRef = 8ACC85291980A9E200B7058B /* lightswitch.wav */; };
		8ACC852E1980A9E200B7058B /* plop.wav in Resources */ = {isa = PBXBuildFile; fileRef = 8ACC852A1980A9E200B7058B /* plop.wav */; };
		8ACC85361980ABB300B7058B /* cow@2x.png in Resources */ = {isa = PBXBuildFile; fileRef = 8ACC85341980ABB300B7058B /* cow@2x.png */; };
		8ACC85381980AF9D00B7058B /* chicken@2x.png in Resources */ = {isa = PBXBuildFile; fileRef = 8ACC85371980AF9D00B7058B /* chicken@2x.png */; };
		8ACC853A1980AFFB00B7058B /* chicken.atlas in Resources */ = {isa = PBXBuildFile; fileRef = 8ACC85391980AFFB00B7058B /* chicken.atlas */; };
		8ACC853C1980B76500B7058B /* letsbeginbutton@2x.png in Resources */ = {isa = PBXBuildFile; fileRef = 8ACC853B1980B76500B7058B /* letsbeginbutton@2x.png */; };
		8ACC85401980BA5E00B7058B /* sleepcow.atlas in Resources */ = {isa = PBXBuildFile; fileRef = 8ACC853F1980BA5E00B7058B /* sleepcow.atlas */; };
		8ACC854319876AB200B7058B /* Scene4.m in Sources */ = {isa = PBXBuildFile; fileRef = 8ACC854219876AB200B7058B /* Scene4.m */; };
		8ACC854819876D1B00B7058B /* backtothestart@2x.png in Resources */ = {isa = PBXBuildFile; fileRef = 8ACC854519876D1B00B7058B /* backtothestart@2x.png */; };
		8ACC854A19876D1B00B7058B /* theend@2x.png in Resources */ = {isa = PBXBuildFile; fileRef = 8ACC854719876D1B00B7058B /* theend@2x.png */; };
		8ACC855119876D4900B7058B /* bubble@2x.png in Resources */ = {isa = PBXBuildFile; fileRef = 8ACC854C19876D4900B7058B /* bubble@2x.png */; };
		8ACC855219876D4900B7058B /* bubblepop@2x.png in Resources */ = {isa = PBXBuildFile; fileRef = 8ACC854D19876D4900B7058B /* bubblepop@2x.png */; };
		8ACC855419876D4900B7058B /* fish@2x.png in Resources */ = {isa = PBXBuildFile; fileRef = 8ACC854F19876D4900B7058B /* fish@2x.png */; };
		8ACC855519876D4900B7058B /* s4nightsky@2x.png in Resources */ = {isa = PBXBuildFile; fileRef = 8ACC855019876D4900B7058B /* s4nightsky@2x.png */; };
		8ACC855719876D8F00B7058B /* sleepfish.atlas in Resources */ = {isa = PBXBuildFile; fileRef = 8ACC855619876D8F00B7058B /* sleepfish.atlas */; };
		8ACC855919876EC600B7058B /* endnightsky@2x.png in Resources */ = {isa = PBXBuildFile; fileRef = 8ACC855819876EC600B7058B /* endnightsky@2x.png */; };
/* End PBXBuildFile section */

/* Begin PBXContainerItemProxy section */
		8A13445D196BA00900E6EE72 /* PBXContainerItemProxy */ = {
			isa = PBXContainerItemProxy;
			containerPortal = 8A134428196BA00900E6EE72 /* Project object */;
			proxyType = 1;
			remoteGlobalIDString = 8A13442F196BA00900E6EE72;
			remoteInfo = "Good Night, Sleep Tight";
		};
/* End PBXContainerItemProxy section */

/* Begin PBXFileReference section */
		8A134430196BA00900E6EE72 /* Good Night, Sleep Tight.app */ = {isa = PBXFileReference; explicitFileType = wrapper.application; includeInIndex = 0; path = "Good Night, Sleep Tight.app"; sourceTree = BUILT_PRODUCTS_DIR; };
		8A134433196BA00900E6EE72 /* Foundation.framework */ = {isa = PBXFileReference; lastKnownFileType = wrapper.framework; name = Foundation.framework; path = System/Library/Frameworks/Foundation.framework; sourceTree = SDKROOT; };
		8A134435196BA00900E6EE72 /* CoreGraphics.framework */ = {isa = PBXFileReference; lastKnownFileType = wrapper.framework; name = CoreGraphics.framework; path = System/Library/Frameworks/CoreGraphics.framework; sourceTree = SDKROOT; };
		8A134437196BA00900E6EE72 /* UIKit.framework */ = {isa = PBXFileReference; lastKnownFileType = wrapper.framework; name = UIKit.framework; path = System/Library/Frameworks/UIKit.framework; sourceTree = SDKROOT; };
		8A134439196BA00900E6EE72 /* SpriteKit.framework */ = {isa = PBXFileReference; lastKnownFileType = wrapper.framework; name = SpriteKit.framework; path = System/Library/Frameworks/SpriteKit.framework; sourceTree = SDKROOT; };
		8A13443D196BA00900E6EE72 /* Good Night, Sleep Tight-Info.plist */ = {isa = PBXFileReference; lastKnownFileType = text.plist.xml; path = "Good Night, Sleep Tight-Info.plist"; sourceTree = "<group>"; };
		8A13443F196BA00900E6EE72 /* en */ = {isa = PBXFileReference; lastKnownFileType = text.plist.strings; name = en; path = en.lproj/InfoPlist.strings; sourceTree = "<group>"; };
		8A134441196BA00900E6EE72 /* main.m */ = {isa = PBXFileReference; lastKnownFileType = sourcecode.c.objc; path = main.m; sourceTree = "<group>"; };
		8A134443196BA00900E6EE72 /* Good Night, Sleep Tight-Prefix.pch */ = {isa = PBXFileReference; lastKnownFileType = sourcecode.c.h; path = "Good Night, Sleep Tight-Prefix.pch"; sourceTree = "<group>"; };
		8A134444196BA00900E6EE72 /* AppDelegate.h */ = {isa = PBXFileReference; lastKnownFileType = sourcecode.c.h; path = AppDelegate.h; sourceTree = "<group>"; };
		8A134445196BA00900E6EE72 /* AppDelegate.m */ = {isa = PBXFileReference; lastKnownFileType = sourcecode.c.objc; path = AppDelegate.m; sourceTree = "<group>"; };
		8A134448196BA00900E6EE72 /* Base */ = {isa = PBXFileReference; lastKnownFileType = file.storyboard; name = Base; path = Base.lproj/Main.storyboard; sourceTree = "<group>"; };
		8A13444A196BA00900E6EE72 /* ViewController.h */ = {isa = PBXFileReference; lastKnownFileType = sourcecode.c.h; path = ViewController.h; sourceTree = "<group>"; };
		8A13444B196BA00900E6EE72 /* ViewController.m */ = {isa = PBXFileReference; lastKnownFileType = sourcecode.c.objc; path = ViewController.m; sourceTree = "<group>"; };
		8A13444D196BA00900E6EE72 /* MyScene.h */ = {isa = PBXFileReference; lastKnownFileType = sourcecode.c.h; path = MyScene.h; sourceTree = "<group>"; };
		8A13444E196BA00900E6EE72 /* MyScene.m */ = {isa = PBXFileReference; lastKnownFileType = sourcecode.c.objc; path = MyScene.m; sourceTree = "<group>"; };
		8A134452196BA00900E6EE72 /* Images.xcassets */ = {isa = PBXFileReference; lastKnownFileType = folder.assetcatalog; path = Images.xcassets; sourceTree = "<group>"; };
		8A134458196BA00900E6EE72 /* Good Night, Sleep TightTests.xctest */ = {isa = PBXFileReference; explicitFileType = wrapper.cfbundle; includeInIndex = 0; path = "Good Night, Sleep TightTests.xctest"; sourceTree = BUILT_PRODUCTS_DIR; };
		8A134459196BA00900E6EE72 /* XCTest.framework */ = {isa = PBXFileReference; lastKnownFileType = wrapper.framework; name = XCTest.framework; path = Library/Frameworks/XCTest.framework; sourceTree = DEVELOPER_DIR; };
		8A134461196BA00900E6EE72 /* Good Night, Sleep TightTests-Info.plist */ = {isa = PBXFileReference; lastKnownFileType = text.plist.xml; path = "Good Night, Sleep TightTests-Info.plist"; sourceTree = "<group>"; };
		8A134463196BA00900E6EE72 /* en */ = {isa = PBXFileReference; lastKnownFileType = text.plist.strings; name = en; path = en.lproj/InfoPlist.strings; sourceTree = "<group>"; };
		8A134465196BA00900E6EE72 /* Good_Night__Sleep_TightTests.m */ = {isa = PBXFileReference; lastKnownFileType = sourcecode.c.objc; path = Good_Night__Sleep_TightTests.m; sourceTree = "<group>"; };
		8ACC82461974A41500B7058B /* Scene2.h */ = {isa = PBXFileReference; fileEncoding = 4; lastKnownFileType = sourcecode.c.h; path = Scene2.h; sourceTree = "<group>"; };
		8ACC82471974A41500B7058B /* Scene2.m */ = {isa = PBXFileReference; fileEncoding = 4; lastKnownFileType = sourcecode.c.objc; path = Scene2.m; sourceTree = "<group>"; };
		8ACC82491974C9CD00B7058B /* DimensionTest@2x.png */ = {isa = PBXFileReference; lastKnownFileType = image.png; name = "DimensionTest@2x.png"; path = "Good Night, Sleep Tight/DimensionTest@2x.png"; sourceTree = "<group>"; };
		8ACC824B1974CD6100B7058B /* DimensionTest.png */ = {isa = PBXFileReference; lastKnownFileType = image.png; name = DimensionTest.png; path = "Good Night, Sleep Tight/DimensionTest.png"; sourceTree = "<group>"; };
		8ACC82751975007800B7058B /* DrawingOrder.h */ = {isa = PBXFileReference; fileEncoding = 4; lastKnownFileType = sourcecode.c.h; path = DrawingOrder.h; sourceTree = "<group>"; };
		8ACC83F9197DED8D00B7058B /* Scene3.h */ = {isa = PBXFileReference; fileEncoding = 4; lastKnownFileType = sourcecode.c.h; path = Scene3.h; sourceTree = "<group>"; };
		8ACC83FA197DEDBE00B7058B /* Scene3.m */ = {isa = PBXFileReference; fileEncoding = 4; lastKnownFileType = sourcecode.c.objc; path = Scene3.m; sourceTree = "<group>"; };
		8ACC845C197F459100B7058B /* EndScene.h */ = {isa = PBXFileReference; fileEncoding = 4; lastKnownFileType = sourcecode.c.h; path = EndScene.h; sourceTree = "<group>"; };
		8ACC845D197F45BE00B7058B /* EndScene.m */ = {isa = PBXFileReference; fileEncoding = 4; lastKnownFileType = sourcecode.c.objc; path = EndScene.m; sourceTree = "<group>"; };
		8ACC8466197F943000B7058B /* homebutton@2x.png */ = {isa = PBXFileReference; lastKnownFileType = image.png; path = "homebutton@2x.png"; sourceTree = "<group>"; };
		8ACC8467197F943000B7058B /* moon.atlas */ = {isa = PBXFileReference; lastKnownFileType = folder.skatlas; path = moon.atlas; sourceTree = "<group>"; };
		8ACC8468197F943000B7058B /* moon.png */ = {isa = PBXFileReference; lastKnownFileType = image.png; path = moon.png; sourceTree = "<group>"; };
		8ACC8469197F943000B7058B /* moon@2x.png */ = {isa = PBXFileReference; lastKnownFileType = image.png; path = "moon@2x.png"; sourceTree = "<group>"; };
		8ACC846A197F943000B7058B /* nextscene.png */ = {isa = PBXFileReference; lastKnownFileType = image.png; path = nextscene.png; sourceTree = "<group>"; };
		8ACC846B197F943000B7058B /* nextscene@2x.png */ = {isa = PBXFileReference; lastKnownFileType = image.png; path = "nextscene@2x.png"; sourceTree = "<group>"; };
		8ACC846E197F943000B7058B /* star.png */ = {isa = PBXFileReference; lastKnownFileType = image.png; path = star.png; sourceTree = "<group>"; };
		8ACC846F197F943000B7058B /* star@2x.png */ = {isa = PBXFileReference; lastKnownFileType = image.png; path = "star@2x.png"; sourceTree = "<group>"; };
		8ACC8475197F943000B7058B /* gigglemonkey.atlas */ = {isa = PBXFileReference; lastKnownFileType = folder.skatlas; path = gigglemonkey.atlas; sourceTree = "<group>"; };
		8ACC8476197F943000B7058B /* goodnightMonkeyText.png */ = {isa = PBXFileReference; lastKnownFileType = image.png; path = goodnightMonkeyText.png; sourceTree = "<group>"; };
		8ACC8477197F943000B7058B /* goodnightMonkeyText@2x.png */ = {isa = PBXFileReference; lastKnownFileType = image.png; path = "goodnightMonkeyText@2x.png"; sourceTree = "<group>"; };
		8ACC8479197F943000B7058B /* leaves1.png */ = {isa = PBXFileReference; lastKnownFileType = image.png; path = leaves1.png; sourceTree = "<group>"; };
		8ACC847A197F943000B7058B /* leaves1@2x.png */ = {isa = PBXFileReference; lastKnownFileType = image.png; path = "leaves1@2x.png"; sourceTree = "<group>"; };
		8ACC847C197F943000B7058B /* leaves2.png */ = {isa = PBXFileReference; lastKnownFileType = image.png; path = leaves2.png; sourceTree = "<group>"; };
		8ACC847D197F943000B7058B /* leaves2@2x.png */ = {isa = PBXFileReference; lastKnownFileType = image.png; path = "leaves2@2x.png"; sourceTree = "<group>"; };
		8ACC847E197F943000B7058B /* monkey.png */ = {isa = PBXFileReference; lastKnownFileType = image.png; path = monkey.png; sourceTree = "<group>"; };
		8ACC847F197F943000B7058B /* monkey@2x.png */ = {isa = PBXFileReference; lastKnownFileType = image.png; path = "monkey@2x.png"; sourceTree = "<group>"; };
		8ACC8480197F943000B7058B /* s1foreground@2x.png */ = {isa = PBXFileReference; lastKnownFileType = image.png; path = "s1foreground@2x.png"; sourceTree = "<group>"; };
		8ACC8481197F943000B7058B /* s1nightsky@2x.png */ = {isa = PBXFileReference; lastKnownFileType = image.png; path = "s1nightsky@2x.png"; sourceTree = "<group>"; };
		8ACC8482197F943000B7058B /* sleepmonkey.atlas */ = {isa = PBXFileReference; lastKnownFileType = folder.skatlas; path = sleepmonkey.atlas; sourceTree = "<group>"; };
		8ACC848D197F943000B7058B /* egg.png */ = {isa = PBXFileReference; lastKnownFileType = image.png; path = egg.png; sourceTree = "<group>"; };
		8ACC848E197F943000B7058B /* egg@2x.png */ = {isa = PBXFileReference; lastKnownFileType = image.png; path = "egg@2x.png"; sourceTree = "<group>"; };
		8ACC848F197F943000B7058B /* goodnight-chicken.png */ = {isa = PBXFileReference; lastKnownFileType = image.png; path = "goodnight-chicken.png"; sourceTree = "<group>"; };
		8ACC8490197F943000B7058B /* goodnight-chicken@2x.png */ = {isa = PBXFileReference; lastKnownFileType = image.png; path = "goodnight-chicken@2x.png"; sourceTree = "<group>"; };
		8ACC8496197F943000B7058B /* goodnight-cow@2x.png */ = {isa = PBXFileReference; lastKnownFileType = image.png; path = "goodnight-cow@2x.png"; sourceTree = "<group>"; };
		8ACC8497197F943000B7058B /* houselightsoff@2x.png */ = {isa = PBXFileReference; lastKnownFileType = image.png; path = "houselightsoff@2x.png"; sourceTree = "<group>"; };
		8ACC8498197F943000B7058B /* houselightson@2x.png */ = {isa = PBXFileReference; lastKnownFileType = image.png; path = "houselightson@2x.png"; sourceTree = "<group>"; };
		8ACC84CE197FA38E00B7058B /* Scene1.h */ = {isa = PBXFileReference; fileEncoding = 4; lastKnownFileType = sourcecode.c.h; path = Scene1.h; sourceTree = "<group>"; };
		8ACC84CF197FA39C00B7058B /* Scene1.m */ = {isa = PBXFileReference; fileEncoding = 4; lastKnownFileType = sourcecode.c.objc; path = Scene1.m; sourceTree = "<group>"; };
		8ACC84D2197FC3CC00B7058B /* gnst@2x.png */ = {isa = PBXFileReference; lastKnownFileType = image.png; path = "gnst@2x.png"; sourceTree = "<group>"; };
		8ACC84D3197FC3CC00B7058B /* s0nightsky@2x.png */ = {isa = PBXFileReference; lastKnownFileType = image.png; path = "s0nightsky@2x.png"; sourceTree = "<group>"; };
		8ACC84D8197FC3DC00B7058B /* s2foreground@2x.png */ = {isa = PBXFileReference; lastKnownFileType = image.png; path = "s2foreground@2x.png"; sourceTree = "<group>"; };
		8ACC84DB197FC3FF00B7058B /* barnbackwall@2x.png */ = {isa = PBXFileReference; lastKnownFileType = image.png; path = "barnbackwall@2x.png"; sourceTree = "<group>"; };
		8ACC84DD197FC41100B7058B /* s3foreground@2x.png */ = {isa = PBXFileReference; lastKnownFileType = image.png; path = "s3foreground@2x.png"; sourceTree = "<group>"; };
		8ACC84DE197FC41100B7058B /* s3nightsky@2x.png */ = {isa = PBXFileReference; lastKnownFileType = image.png; path = "s3nightsky@2x.png"; sourceTree = "<group>"; };
		8ACC84E8197FC53800B7058B /* nextscenetab@2x.png */ = {isa = PBXFileReference; lastKnownFileType = image.png; path = "nextscenetab@2x.png"; sourceTree = "<group>"; };
		8ACC84E9197FC53800B7058B /* previousscenetab@2x.png */ = {isa = PBXFileReference; lastKnownFileType = image.png; path = "previousscenetab@2x.png"; sourceTree = "<group>"; };
		8ACC85151980A94400B7058B /* chicken.wav */ = {isa = PBXFileReference; lastKnownFileType = audio.wav; path = chicken.wav; sourceTree = "<group>"; };
		8ACC85171980A94400B7058B /* monkey.wav */ = {isa = PBXFileReference; lastKnownFileType = audio.wav; path = monkey.wav; sourceTree = "<group>"; };
		8ACC85191980A94400B7058B /* ting.wav */ = {isa = PBXFileReference; lastKnownFileType = audio.wav; path = ting.wav; sourceTree = "<group>"; };
		8ACC851A1980A94400B7058B /* ukulele.wav */ = {isa = PBXFileReference; lastKnownFileType = audio.wav; path = ukulele.wav; sourceTree = "<group>"; };
		8ACC85271980A9E200B7058B /* click.wav */ = {isa = PBXFileReference; lastKnownFileType = audio.wav; path = click.wav; sourceTree = "<group>"; };
		8ACC85281980A9E200B7058B /* cow.wav */ = {isa = PBXFileReference; lastKnownFileType = audio.wav; path = cow.wav; sourceTree = "<group>"; };
		8ACC85291980A9E200B7058B /* lightswitch.wav */ = {isa = PBXFileReference; lastKnownFileType = audio.wav; path = lightswitch.wav; sourceTree = "<group>"; };
		8ACC852A1980A9E200B7058B /* plop.wav */ = {isa = PBXFileReference; lastKnownFileType = audio.wav; path = plop.wav; sourceTree = "<group>"; };
		8ACC85341980ABB300B7058B /* cow@2x.png */ = {isa = PBXFileReference; lastKnownFileType = image.png; path = "cow@2x.png"; sourceTree = "<group>"; };
		8ACC85371980AF9D00B7058B /* chicken@2x.png */ = {isa = PBXFileReference; lastKnownFileType = image.png; path = "chicken@2x.png"; sourceTree = "<group>"; };
		8ACC85391980AFFB00B7058B /* chicken.atlas */ = {isa = PBXFileReference; lastKnownFileType = folder.skatlas; path = chicken.atlas; sourceTree = "<group>"; };
		8ACC853B1980B76500B7058B /* letsbeginbutton@2x.png */ = {isa = PBXFileReference; lastKnownFileType = image.png; path = "letsbeginbutton@2x.png"; sourceTree = "<group>"; };
		8ACC853F1980BA5E00B7058B /* sleepcow.atlas */ = {isa = PBXFileReference; lastKnownFileType = folder.skatlas; path = sleepcow.atlas; sourceTree = "<group>"; };
		8ACC854119876AA300B7058B /* Scene4.h */ = {isa = PBXFileReference; fileEncoding = 4; lastKnownFileType = sourcecode.c.h; path = Scene4.h; sourceTree = "<group>"; };
		8ACC854219876AB200B7058B /* Scene4.m */ = {isa = PBXFileReference; fileEncoding = 4; lastKnownFileType = sourcecode.c.objc; path = Scene4.m; sourceTree = "<group>"; };
		8ACC854519876D1B00B7058B /* backtothestart@2x.png */ = {isa = PBXFileReference; lastKnownFileType = image.png; path = "backtothestart@2x.png"; sourceTree = "<group>"; };
		8ACC854719876D1B00B7058B /* theend@2x.png */ = {isa = PBXFileReference; lastKnownFileType = image.png; path = "theend@2x.png"; sourceTree = "<group>"; };
		8ACC854C19876D4900B7058B /* bubble@2x.png */ = {isa = PBXFileReference; lastKnownFileType = image.png; path = "bubble@2x.png"; sourceTree = "<group>"; };
		8ACC854D19876D4900B7058B /* bubblepop@2x.png */ = {isa = PBXFileReference; lastKnownFileType = image.png; path = "bubblepop@2x.png"; sourceTree = "<group>"; };
		8ACC854F19876D4900B7058B /* fish@2x.png */ = {isa = PBXFileReference; lastKnownFileType = image.png; path = "fish@2x.png"; sourceTree = "<group>"; };
		8ACC855019876D4900B7058B /* s4nightsky@2x.png */ = {isa = PBXFileReference; lastKnownFileType = image.png; path = "s4nightsky@2x.png"; sourceTree = "<group>"; };
		8ACC855619876D8F00B7058B /* sleepfish.atlas */ = {isa = PBXFileReference; lastKnownFileType = folder.skatlas; path = sleepfish.atlas; sourceTree = "<group>"; };
		8ACC855819876EC600B7058B /* endnightsky@2x.png */ = {isa = PBXFileReference; lastKnownFileType = image.png; path = "endnightsky@2x.png"; sourceTree = "<group>"; };
/* End PBXFileReference section */

/* Begin PBXFrameworksBuildPhase section */
		8A13442D196BA00900E6EE72 /* Frameworks */ = {
			isa = PBXFrameworksBuildPhase;
			buildActionMask = 2147483647;
			files = (
				8A134436196BA00900E6EE72 /* CoreGraphics.framework in Frameworks */,
				8A134438196BA00900E6EE72 /* UIKit.framework in Frameworks */,
				8A13443A196BA00900E6EE72 /* SpriteKit.framework in Frameworks */,
				8A134434196BA00900E6EE72 /* Foundation.framework in Frameworks */,
			);
			runOnlyForDeploymentPostprocessing = 0;
		};
		8A134455196BA00900E6EE72 /* Frameworks */ = {
			isa = PBXFrameworksBuildPhase;
			buildActionMask = 2147483647;
			files = (
				8A13445A196BA00900E6EE72 /* XCTest.framework in Frameworks */,
				8A13445C196BA00900E6EE72 /* UIKit.framework in Frameworks */,
				8A13445B196BA00900E6EE72 /* Foundation.framework in Frameworks */,
			);
			runOnlyForDeploymentPostprocessing = 0;
		};
/* End PBXFrameworksBuildPhase section */

/* Begin PBXGroup section */
		8A134427196BA00900E6EE72 = {
			isa = PBXGroup;
			children = (
				8ACC824B1974CD6100B7058B /* DimensionTest.png */,
				8ACC82491974C9CD00B7058B /* DimensionTest@2x.png */,
				8A13443B196BA00900E6EE72 /* Good Night, Sleep Tight */,
				8A13445F196BA00900E6EE72 /* Good Night, Sleep TightTests */,
				8A134432196BA00900E6EE72 /* Frameworks */,
				8A134431196BA00900E6EE72 /* Products */,
			);
			sourceTree = "<group>";
		};
		8A134431196BA00900E6EE72 /* Products */ = {
			isa = PBXGroup;
			children = (
				8A134430196BA00900E6EE72 /* Good Night, Sleep Tight.app */,
				8A134458196BA00900E6EE72 /* Good Night, Sleep TightTests.xctest */,
			);
			name = Products;
			sourceTree = "<group>";
		};
		8A134432196BA00900E6EE72 /* Frameworks */ = {
			isa = PBXGroup;
			children = (
				8A134433196BA00900E6EE72 /* Foundation.framework */,
				8A134435196BA00900E6EE72 /* CoreGraphics.framework */,
				8A134437196BA00900E6EE72 /* UIKit.framework */,
				8A134439196BA00900E6EE72 /* SpriteKit.framework */,
				8A134459196BA00900E6EE72 /* XCTest.framework */,
			);
			name = Frameworks;
			sourceTree = "<group>";
		};
		8A13443B196BA00900E6EE72 /* Good Night, Sleep Tight */ = {
			isa = PBXGroup;
			children = (
				8ACC85101980A94400B7058B /* soundassets */,
				8ACC8465197F943000B7058B /* commonassets */,
				8ACC8471197F943000B7058B /* scene0assets */,
				8ACC8474197F943000B7058B /* scene1assets */,
				8ACC8485197F943000B7058B /* scene2assets */,
				8ACC8493197F943000B7058B /* scene3assets */,
				8ACC854419876D1B00B7058B /* endsceneassets */,
				8ACC854B19876D4900B7058B /* scene4assets */,
				8A134444196BA00900E6EE72 /* AppDelegate.h */,
				8A134445196BA00900E6EE72 /* AppDelegate.m */,
				8A134447196BA00900E6EE72 /* Main.storyboard */,
				8A13444A196BA00900E6EE72 /* ViewController.h */,
				8ACC82751975007800B7058B /* DrawingOrder.h */,
				8A13444B196BA00900E6EE72 /* ViewController.m */,
				8A13444D196BA00900E6EE72 /* MyScene.h */,
				8A13444E196BA00900E6EE72 /* MyScene.m */,
				8ACC84CE197FA38E00B7058B /* Scene1.h */,
				8ACC84CF197FA39C00B7058B /* Scene1.m */,
				8ACC82461974A41500B7058B /* Scene2.h */,
				8ACC82471974A41500B7058B /* Scene2.m */,
				8ACC83F9197DED8D00B7058B /* Scene3.h */,
				8ACC83FA197DEDBE00B7058B /* Scene3.m */,
				8ACC854119876AA300B7058B /* Scene4.h */,
				8ACC854219876AB200B7058B /* Scene4.m */,
				8ACC845C197F459100B7058B /* EndScene.h */,
				8ACC845D197F45BE00B7058B /* EndScene.m */,
				8A134452196BA00900E6EE72 /* Images.xcassets */,
				8A13443C196BA00900E6EE72 /* Supporting Files */,
			);
			path = "Good Night, Sleep Tight";
			sourceTree = "<group>";
		};
		8A13443C196BA00900E6EE72 /* Supporting Files */ = {
			isa = PBXGroup;
			children = (
				8A13443D196BA00900E6EE72 /* Good Night, Sleep Tight-Info.plist */,
				8A13443E196BA00900E6EE72 /* InfoPlist.strings */,
				8A134441196BA00900E6EE72 /* main.m */,
				8A134443196BA00900E6EE72 /* Good Night, Sleep Tight-Prefix.pch */,
			);
			name = "Supporting Files";
			sourceTree = "<group>";
		};
		8A13445F196BA00900E6EE72 /* Good Night, Sleep TightTests */ = {
			isa = PBXGroup;
			children = (
				8A134465196BA00900E6EE72 /* Good_Night__Sleep_TightTests.m */,
				8A134460196BA00900E6EE72 /* Supporting Files */,
			);
			path = "Good Night, Sleep TightTests";
			sourceTree = "<group>";
		};
		8A134460196BA00900E6EE72 /* Supporting Files */ = {
			isa = PBXGroup;
			children = (
				8A134461196BA00900E6EE72 /* Good Night, Sleep TightTests-Info.plist */,
				8A134462196BA00900E6EE72 /* InfoPlist.strings */,
			);
			name = "Supporting Files";
			sourceTree = "<group>";
		};
		8ACC8465197F943000B7058B /* commonassets */ = {
			isa = PBXGroup;
			children = (
				8ACC84E8197FC53800B7058B /* nextscenetab@2x.png */,
				8ACC84E9197FC53800B7058B /* previousscenetab@2x.png */,
				8ACC8466197F943000B7058B /* homebutton@2x.png */,
				8ACC8467197F943000B7058B /* moon.atlas */,
				8ACC8468197F943000B7058B /* moon.png */,
				8ACC8469197F943000B7058B /* moon@2x.png */,
				8ACC846A197F943000B7058B /* nextscene.png */,
				8ACC846B197F943000B7058B /* nextscene@2x.png */,
				8ACC846E197F943000B7058B /* star.png */,
				8ACC846F197F943000B7058B /* star@2x.png */,
			);
			path = commonassets;
			sourceTree = "<group>";
		};
		8ACC8471197F943000B7058B /* scene0assets */ = {
			isa = PBXGroup;
			children = (
				8ACC853B1980B76500B7058B /* letsbeginbutton@2x.png */,
				8ACC84D2197FC3CC00B7058B /* gnst@2x.png */,
				8ACC84D3197FC3CC00B7058B /* s0nightsky@2x.png */,
			);
			path = scene0assets;
			sourceTree = "<group>";
		};
		8ACC8474197F943000B7058B /* scene1assets */ = {
			isa = PBXGroup;
			children = (
				8ACC8475197F943000B7058B /* gigglemonkey.atlas */,
				8ACC8476197F943000B7058B /* goodnightMonkeyText.png */,
				8ACC8477197F943000B7058B /* goodnightMonkeyText@2x.png */,
				8ACC8479197F943000B7058B /* leaves1.png */,
				8ACC847A197F943000B7058B /* leaves1@2x.png */,
				8ACC847C197F943000B7058B /* leaves2.png */,
				8ACC847D197F943000B7058B /* leaves2@2x.png */,
				8ACC847E197F943000B7058B /* monkey.png */,
				8ACC847F197F943000B7058B /* monkey@2x.png */,
				8ACC8480197F943000B7058B /* s1foreground@2x.png */,
				8ACC8481197F943000B7058B /* s1nightsky@2x.png */,
				8ACC8482197F943000B7058B /* sleepmonkey.atlas */,
			);
			path = scene1assets;
			sourceTree = "<group>";
		};
		8ACC8485197F943000B7058B /* scene2assets */ = {
			isa = PBXGroup;
			children = (
				8ACC85391980AFFB00B7058B /* chicken.atlas */,
				8ACC85371980AF9D00B7058B /* chicken@2x.png */,
				8ACC84DB197FC3FF00B7058B /* barnbackwall@2x.png */,
				8ACC84D8197FC3DC00B7058B /* s2foreground@2x.png */,
				8ACC848D197F943000B7058B /* egg.png */,
				8ACC848E197F943000B7058B /* egg@2x.png */,
				8ACC848F197F943000B7058B /* goodnight-chicken.png */,
				8ACC8490197F943000B7058B /* goodnight-chicken@2x.png */,
			);
			path = scene2assets;
			sourceTree = "<group>";
		};
		8ACC8493197F943000B7058B /* scene3assets */ = {
			isa = PBXGroup;
			children = (
				8ACC853F1980BA5E00B7058B /* sleepcow.atlas */,
				8ACC85341980ABB300B7058B /* cow@2x.png */,
				8ACC84DD197FC41100B7058B /* s3foreground@2x.png */,
				8ACC84DE197FC41100B7058B /* s3nightsky@2x.png */,
				8ACC8496197F943000B7058B /* goodnight-cow@2x.png */,
				8ACC8497197F943000B7058B /* houselightsoff@2x.png */,
				8ACC8498197F943000B7058B /* houselightson@2x.png */,
			);
			path = scene3assets;
			sourceTree = "<group>";
		};
		8ACC85101980A94400B7058B /* soundassets */ = {
			isa = PBXGroup;
			children = (
				8ACC85271980A9E200B7058B /* click.wav */,
				8ACC85281980A9E200B7058B /* cow.wav */,
				8ACC85291980A9E200B7058B /* lightswitch.wav */,
				8ACC852A1980A9E200B7058B /* plop.wav */,
				8ACC85151980A94400B7058B /* chicken.wav */,
				8ACC85171980A94400B7058B /* monkey.wav */,
				8ACC85191980A94400B7058B /* ting.wav */,
				8ACC851A1980A94400B7058B /* ukulele.wav */,
			);
			path = soundassets;
			sourceTree = "<group>";
		};
		8ACC854419876D1B00B7058B /* endsceneassets */ = {
			isa = PBXGroup;
			children = (
				8ACC854519876D1B00B7058B /* backtothestart@2x.png */,
				8ACC855819876EC600B7058B /* endnightsky@2x.png */,
				8ACC854719876D1B00B7058B /* theend@2x.png */,
			);
			path = endsceneassets;
			sourceTree = "<group>";
		};
		8ACC854B19876D4900B7058B /* scene4assets */ = {
			isa = PBXGroup;
			children = (
				8ACC855619876D8F00B7058B /* sleepfish.atlas */,
				8ACC854C19876D4900B7058B /* bubble@2x.png */,
				8ACC854D19876D4900B7058B /* bubblepop@2x.png */,
				8ACC854F19876D4900B7058B /* fish@2x.png */,
				8ACC855019876D4900B7058B /* s4nightsky@2x.png */,
			);
			path = scene4assets;
			sourceTree = "<group>";
		};
/* End PBXGroup section */

/* Begin PBXNativeTarget section */
		8A13442F196BA00900E6EE72 /* Good Night, Sleep Tight */ = {
			isa = PBXNativeTarget;
			buildConfigurationList = 8A134469196BA00900E6EE72 /* Build configuration list for PBXNativeTarget "Good Night, Sleep Tight" */;
			buildPhases = (
				8A13442C196BA00900E6EE72 /* Sources */,
				8A13442D196BA00900E6EE72 /* Frameworks */,
				8A13442E196BA00900E6EE72 /* Resources */,
			);
			buildRules = (
			);
			dependencies = (
			);
			name = "Good Night, Sleep Tight";
			productName = "Good Night, Sleep Tight";
			productReference = 8A134430196BA00900E6EE72 /* Good Night, Sleep Tight.app */;
			productType = "com.apple.product-type.application";
		};
		8A134457196BA00900E6EE72 /* Good Night, Sleep TightTests */ = {
			isa = PBXNativeTarget;
			buildConfigurationList = 8A13446C196BA00900E6EE72 /* Build configuration list for PBXNativeTarget "Good Night, Sleep TightTests" */;
			buildPhases = (
				8A134454196BA00900E6EE72 /* Sources */,
				8A134455196BA00900E6EE72 /* Frameworks */,
				8A134456196BA00900E6EE72 /* Resources */,
			);
			buildRules = (
			);
			dependencies = (
				8A13445E196BA00900E6EE72 /* PBXTargetDependency */,
			);
			name = "Good Night, Sleep TightTests";
			productName = "Good Night, Sleep TightTests";
			productReference = 8A134458196BA00900E6EE72 /* Good Night, Sleep TightTests.xctest */;
			productType = "com.apple.product-type.bundle.unit-test";
		};
/* End PBXNativeTarget section */

/* Begin PBXProject section */
		8A134428196BA00900E6EE72 /* Project object */ = {
			isa = PBXProject;
			attributes = {
				LastUpgradeCheck = 0510;
				ORGANIZATIONNAME = "cara hewitt";
				TargetAttributes = {
					8A134457196BA00900E6EE72 = {
						TestTargetID = 8A13442F196BA00900E6EE72;
					};
				};
			};
			buildConfigurationList = 8A13442B196BA00900E6EE72 /* Build configuration list for PBXProject "Good Night, Sleep Tight" */;
			compatibilityVersion = "Xcode 3.2";
			developmentRegion = English;
			hasScannedForEncodings = 0;
			knownRegions = (
				en,
				Base,
			);
			mainGroup = 8A134427196BA00900E6EE72;
			productRefGroup = 8A134431196BA00900E6EE72 /* Products */;
			projectDirPath = "";
			projectRoot = "";
			targets = (
				8A13442F196BA00900E6EE72 /* Good Night, Sleep Tight */,
				8A134457196BA00900E6EE72 /* Good Night, Sleep TightTests */,
			);
		};
/* End PBXProject section */

/* Begin PBXResourcesBuildPhase section */
		8A13442E196BA00900E6EE72 /* Resources */ = {
			isa = PBXResourcesBuildPhase;
			buildActionMask = 2147483647;
			files = (
				8ACC84D6197FC3CC00B7058B /* s0nightsky@2x.png in Resources */,
				8ACC855719876D8F00B7058B /* sleepfish.atlas in Resources */,
				8ACC84B5197F943000B7058B /* s1nightsky@2x.png in Resources */,
				8ACC855419876D4900B7058B /* fish@2x.png in Resources */,
				8ACC85251980A94400B7058B /* ukulele.wav in Resources */,
				8ACC84DC197FC3FF00B7058B /* barnbackwall@2x.png in Resources */,
				8ACC84A5197F943000B7058B /* star@2x.png in Resources */,
				8ACC84B2197F943000B7058B /* monkey.png in Resources */,
				8ACC855119876D4900B7058B /* bubble@2x.png in Resources */,
				8ACC84CA197F943000B7058B /* houselightson@2x.png in Resources */,
				8ACC855219876D4900B7058B /* bubblepop@2x.png in Resources */,
				8ACC849F197F943000B7058B /* moon@2x.png in Resources */,
				8ACC852E1980A9E200B7058B /* plop.wav in Resources */,
				8A134440196BA00900E6EE72 /* InfoPlist.strings in Resources */,
				8ACC85381980AF9D00B7058B /* chicken@2x.png in Resources */,
				8ACC84A9197F943000B7058B /* gigglemonkey.atlas in Resources */,
				8ACC84B3197F943000B7058B /* monkey@2x.png in Resources */,
				8ACC824C1974CD6100B7058B /* DimensionTest.png in Resources */,
				8ACC85361980ABB300B7058B /* cow@2x.png in Resources */,
				8ACC84C1197F943000B7058B /* egg@2x.png in Resources */,
				8A134453196BA00900E6EE72 /* Images.xcassets in Resources */,
				8ACC84AE197F943000B7058B /* leaves1@2x.png in Resources */,
				8ACC84C2197F943000B7058B /* goodnight-chicken.png in Resources */,
				8ACC849C197F943000B7058B /* homebutton@2x.png in Resources */,
				8ACC855519876D4900B7058B /* s4nightsky@2x.png in Resources */,
				8ACC852B1980A9E200B7058B /* click.wav in Resources */,
				8ACC84EB197FC53800B7058B /* previousscenetab@2x.png in Resources */,
				8ACC84D5197FC3CC00B7058B /* gnst@2x.png in Resources */,
				8ACC84B6197F943000B7058B /* sleepmonkey.atlas in Resources */,
				8ACC84C9197F943000B7058B /* houselightsoff@2x.png in Resources */,
				8ACC84DA197FC3DC00B7058B /* s2foreground@2x.png in Resources */,
				8ACC854A19876D1B00B7058B /* theend@2x.png in Resources */,
				8ACC84B4197F943000B7058B /* s1foreground@2x.png in Resources */,
				8ACC852C1980A9E200B7058B /* cow.wav in Resources */,
				8ACC824A1974C9CD00B7058B /* DimensionTest@2x.png in Resources */,
				8ACC84B1197F943000B7058B /* leaves2@2x.png in Resources */,
				8ACC84C8197F943000B7058B /* goodnight-cow@2x.png in Resources */,
				8ACC84AD197F943000B7058B /* leaves1.png in Resources */,
				8ACC85401980BA5E00B7058B /* sleepcow.atlas in Resources */,
				8ACC84A4197F943000B7058B /* star.png in Resources */,
				8ACC84C0197F943000B7058B /* egg.png in Resources */,
				8ACC84A0197F943000B7058B /* nextscene.png in Resources */,
				8ACC85221980A94400B7058B /* monkey.wav in Resources */,
				8ACC84C3197F943000B7058B /* goodnight-chicken@2x.png in Resources */,
				8ACC853A1980AFFB00B7058B /* chicken.atlas in Resources */,
				8ACC855919876EC600B7058B /* endnightsky@2x.png in Resources */,
				8ACC84DF197FC41100B7058B /* s3foreground@2x.png in Resources */,
				8ACC849E197F943000B7058B /* moon.png in Resources */,
				8ACC854819876D1B00B7058B /* backtothestart@2x.png in Resources */,
				8ACC84E0197FC41100B7058B /* s3nightsky@2x.png in Resources */,
				8ACC84AA197F943000B7058B /* goodnightMonkeyText.png in Resources */,
				8ACC85241980A94400B7058B /* ting.wav in Resources */,
				8ACC85201980A94400B7058B /* chicken.wav in Resources */,
				8ACC849D197F943000B7058B /* moon.atlas in Resources */,
				8ACC84A1197F943000B7058B /* nextscene@2x.png in Resources */,
				8ACC84EA197FC53800B7058B /* nextscenetab@2x.png in Resources */,
				8ACC84AB197F943000B7058B /* goodnightMonkeyText@2x.png in Resources */,
				8ACC853C1980B76500B7058B /* letsbeginbutton@2x.png in Resources */,
				8A134449196BA00900E6EE72 /* Main.storyboard in Resources */,
				8ACC84B0197F943000B7058B /* leaves2.png in Resources */,
				8ACC852D1980A9E200B7058B /* lightswitch.wav in Resources */,
			);
			runOnlyForDeploymentPostprocessing = 0;
		};
		8A134456196BA00900E6EE72 /* Resources */ = {
			isa = PBXResourcesBuildPhase;
			buildActionMask = 2147483647;
			files = (
				8A134464196BA00900E6EE72 /* InfoPlist.strings in Resources */,
			);
			runOnlyForDeploymentPostprocessing = 0;
		};
/* End PBXResourcesBuildPhase section */

/* Begin PBXSourcesBuildPhase section */
		8A13442C196BA00900E6EE72 /* Sources */ = {
			isa = PBXSourcesBuildPhase;
			buildActionMask = 2147483647;
			files = (
				8A13444F196BA00900E6EE72 /* MyScene.m in Sources */,
				8A13444C196BA00900E6EE72 /* ViewController.m in Sources */,
				8ACC84D0197FA39C00B7058B /* Scene1.m in Sources */,
				8A134446196BA00900E6EE72 /* AppDelegate.m in Sources */,
				8A134442196BA00900E6EE72 /* main.m in Sources */,
				8ACC845E197F45BE00B7058B /* EndScene.m in Sources */,
				8ACC854319876AB200B7058B /* Scene4.m in Sources */,
				8ACC83FB197DEDBE00B7058B /* Scene3.m in Sources */,
				8ACC82481974A41500B7058B /* Scene2.m in Sources */,
			);
			runOnlyForDeploymentPostprocessing = 0;
		};
		8A134454196BA00900E6EE72 /* Sources */ = {
			isa = PBXSourcesBuildPhase;
			buildActionMask = 2147483647;
			files = (
				8A134466196BA00900E6EE72 /* Good_Night__Sleep_TightTests.m in Sources */,
			);
			runOnlyForDeploymentPostprocessing = 0;
		};
/* End PBXSourcesBuildPhase section */

/* Begin PBXTargetDependency section */
		8A13445E196BA00900E6EE72 /* PBXTargetDependency */ = {
			isa = PBXTargetDependency;
			target = 8A13442F196BA00900E6EE72 /* Good Night, Sleep Tight */;
			targetProxy = 8A13445D196BA00900E6EE72 /* PBXContainerItemProxy */;
		};
/* End PBXTargetDependency section */

/* Begin PBXVariantGroup section */
		8A13443E196BA00900E6EE72 /* InfoPlist.strings */ = {
			isa = PBXVariantGroup;
			children = (
				8A13443F196BA00900E6EE72 /* en */,
			);
			name = InfoPlist.strings;
			sourceTree = "<group>";
		};
		8A134447196BA00900E6EE72 /* Main.storyboard */ = {
			isa = PBXVariantGroup;
			children = (
				8A134448196BA00900E6EE72 /* Base */,
			);
			name = Main.storyboard;
			sourceTree = "<group>";
		};
		8A134462196BA00900E6EE72 /* InfoPlist.strings */ = {
			isa = PBXVariantGroup;
			children = (
				8A134463196BA00900E6EE72 /* en */,
			);
			name = InfoPlist.strings;
			sourceTree = "<group>";
		};
/* End PBXVariantGroup section */

/* Begin XCBuildConfiguration section */
		8A134467196BA00900E6EE72 /* Debug */ = {
			isa = XCBuildConfiguration;
			buildSettings = {
				ALWAYS_SEARCH_USER_PATHS = NO;
				CLANG_CXX_LANGUAGE_STANDARD = "gnu++0x";
				CLANG_CXX_LIBRARY = "libc++";
				CLANG_ENABLE_MODULES = YES;
				CLANG_ENABLE_OBJC_ARC = YES;
				CLANG_WARN_BOOL_CONVERSION = YES;
				CLANG_WARN_CONSTANT_CONVERSION = YES;
				CLANG_WARN_DIRECT_OBJC_ISA_USAGE = YES_ERROR;
				CLANG_WARN_EMPTY_BODY = YES;
				CLANG_WARN_ENUM_CONVERSION = YES;
				CLANG_WARN_INT_CONVERSION = YES;
				CLANG_WARN_OBJC_ROOT_CLASS = YES_ERROR;
				CLANG_WARN__DUPLICATE_METHOD_MATCH = YES;
				"CODE_SIGN_IDENTITY[sdk=iphoneos*]" = "iPhone Developer";
				COPY_PHASE_STRIP = NO;
				GCC_C_LANGUAGE_STANDARD = gnu99;
				GCC_DYNAMIC_NO_PIC = NO;
				GCC_OPTIMIZATION_LEVEL = 0;
				GCC_PREPROCESSOR_DEFINITIONS = (
					"DEBUG=1",
					"$(inherited)",
				);
				GCC_SYMBOLS_PRIVATE_EXTERN = NO;
				GCC_WARN_64_TO_32_BIT_CONVERSION = YES;
				GCC_WARN_ABOUT_RETURN_TYPE = YES_ERROR;
				GCC_WARN_UNDECLARED_SELECTOR = YES;
				GCC_WARN_UNINITIALIZED_AUTOS = YES_AGGRESSIVE;
				GCC_WARN_UNUSED_FUNCTION = YES;
				GCC_WARN_UNUSED_VARIABLE = YES;
				IPHONEOS_DEPLOYMENT_TARGET = 7.1;
				ONLY_ACTIVE_ARCH = YES;
				SDKROOT = iphoneos;
				TARGETED_DEVICE_FAMILY = 2;
			};
			name = Debug;
		};
		8A134468196BA00900E6EE72 /* Release */ = {
			isa = XCBuildConfiguration;
			buildSettings = {
				ALWAYS_SEARCH_USER_PATHS = NO;
				CLANG_CXX_LANGUAGE_STANDARD = "gnu++0x";
				CLANG_CXX_LIBRARY = "libc++";
				CLANG_ENABLE_MODULES = YES;
				CLANG_ENABLE_OBJC_ARC = YES;
				CLANG_WARN_BOOL_CONVERSION = YES;
				CLANG_WARN_CONSTANT_CONVERSION = YES;
				CLANG_WARN_DIRECT_OBJC_ISA_USAGE = YES_ERROR;
				CLANG_WARN_EMPTY_BODY = YES;
				CLANG_WARN_ENUM_CONVERSION = YES;
				CLANG_WARN_INT_CONVERSION = YES;
				CLANG_WARN_OBJC_ROOT_CLASS = YES_ERROR;
				CLANG_WARN__DUPLICATE_METHOD_MATCH = YES;
				"CODE_SIGN_IDENTITY[sdk=iphoneos*]" = "iPhone Developer";
				COPY_PHASE_STRIP = YES;
				ENABLE_NS_ASSERTIONS = NO;
				GCC_C_LANGUAGE_STANDARD = gnu99;
				GCC_WARN_64_TO_32_BIT_CONVERSION = YES;
				GCC_WARN_ABOUT_RETURN_TYPE = YES_ERROR;
				GCC_WARN_UNDECLARED_SELECTOR = YES;
				GCC_WARN_UNINITIALIZED_AUTOS = YES_AGGRESSIVE;
				GCC_WARN_UNUSED_FUNCTION = YES;
				GCC_WARN_UNUSED_VARIABLE = YES;
				IPHONEOS_DEPLOYMENT_TARGET = 7.1;
				SDKROOT = iphoneos;
				TARGETED_DEVICE_FAMILY = 2;
				VALIDATE_PRODUCT = YES;
			};
			name = Release;
		};
		8A13446A196BA00900E6EE72 /* Debug */ = {
			isa = XCBuildConfiguration;
			buildSettings = {
				ASSETCATALOG_COMPILER_APPICON_NAME = AppIcon;
				ASSETCATALOG_COMPILER_LAUNCHIMAGE_NAME = LaunchImage;
				GCC_PRECOMPILE_PREFIX_HEADER = YES;
				GCC_PREFIX_HEADER = "Good Night, Sleep Tight/Good Night, Sleep Tight-Prefix.pch";
				INFOPLIST_FILE = "Good Night, Sleep Tight/Good Night, Sleep Tight-Info.plist";
				PRODUCT_NAME = "$(TARGET_NAME)";
				SPRITEKIT_TEXTURE_ATLAS_OUTPUT = YES;
				WRAPPER_EXTENSION = app;
			};
			name = Debug;
		};
		8A13446B196BA00900E6EE72 /* Release */ = {
			isa = XCBuildConfiguration;
			buildSettings = {
				ASSETCATALOG_COMPILER_APPICON_NAME = AppIcon;
				ASSETCATALOG_COMPILER_LAUNCHIMAGE_NAME = LaunchImage;
				GCC_PRECOMPILE_PREFIX_HEADER = YES;
				GCC_PREFIX_HEADER = "Good Night, Sleep Tight/Good Night, Sleep Tight-Prefix.pch";
				INFOPLIST_FILE = "Good Night, Sleep Tight/Good Night, Sleep Tight-Info.plist";
				PRODUCT_NAME = "$(TARGET_NAME)";
				SPRITEKIT_TEXTURE_ATLAS_OUTPUT = YES;
				WRAPPER_EXTENSION = app;
			};
			name = Release;
		};
		8A13446D196BA00900E6EE72 /* Debug */ = {
			isa = XCBuildConfiguration;
			buildSettings = {
				BUNDLE_LOADER = "$(BUILT_PRODUCTS_DIR)/Good Night, Sleep Tight.app/Good Night, Sleep Tight";
				FRAMEWORK_SEARCH_PATHS = (
					"$(SDKROOT)/Developer/Library/Frameworks",
					"$(inherited)",
					"$(DEVELOPER_FRAMEWORKS_DIR)",
				);
				GCC_PRECOMPILE_PREFIX_HEADER = YES;
				GCC_PREFIX_HEADER = "Good Night, Sleep Tight/Good Night, Sleep Tight-Prefix.pch";
				GCC_PREPROCESSOR_DEFINITIONS = (
					"DEBUG=1",
					"$(inherited)",
				);
				INFOPLIST_FILE = "Good Night, Sleep TightTests/Good Night, Sleep TightTests-Info.plist";
				PRODUCT_NAME = "$(TARGET_NAME)";
				TEST_HOST = "$(BUNDLE_LOADER)";
				WRAPPER_EXTENSION = xctest;
			};
			name = Debug;
		};
		8A13446E196BA00900E6EE72 /* Release */ = {
			isa = XCBuildConfiguration;
			buildSettings = {
				BUNDLE_LOADER = "$(BUILT_PRODUCTS_DIR)/Good Night, Sleep Tight.app/Good Night, Sleep Tight";
				FRAMEWORK_SEARCH_PATHS = (
					"$(SDKROOT)/Developer/Library/Frameworks",
					"$(inherited)",
					"$(DEVELOPER_FRAMEWORKS_DIR)",
				);
				GCC_PRECOMPILE_PREFIX_HEADER = YES;
				GCC_PREFIX_HEADER = "Good Night, Sleep Tight/Good Night, Sleep Tight-Prefix.pch";
				INFOPLIST_FILE = "Good Night, Sleep TightTests/Good Night, Sleep TightTests-Info.plist";
				PRODUCT_NAME = "$(TARGET_NAME)";
				TEST_HOST = "$(BUNDLE_LOADER)";
				WRAPPER_EXTENSION = xctest;
			};
			name = Release;
		};
/* End XCBuildConfiguration section */

/* Begin XCConfigurationList section */
		8A13442B196BA00900E6EE72 /* Build configuration list for PBXProject "Good Night, Sleep Tight" */ = {
			isa = XCConfigurationList;
			buildConfigurations = (
				8A134467196BA00900E6EE72 /* Debug */,
				8A134468196BA00900E6EE72 /* Release */,
			);
			defaultConfigurationIsVisible = 0;
			defaultConfigurationName = Release;
		};
		8A134469196BA00900E6EE72 /* Build configuration list for PBXNativeTarget "Good Night, Sleep Tight" */ = {
			isa = XCConfigurationList;
			buildConfigurations = (
				8A13446A196BA00900E6EE72 /* Debug */,
				8A13446B196BA00900E6EE72 /* Release */,
			);
			defaultConfigurationIsVisible = 0;
			defaultConfigurationName = Release;
		};
		8A13446C196BA00900E6EE72 /* Build configuration list for PBXNativeTarget "Good Night, Sleep TightTests" */ = {
			isa = XCConfigurationList;
			buildConfigurations = (
				8A13446D196BA00900E6EE72 /* Debug */,
				8A13446E196BA00900E6EE72 /* Release */,
			);
			defaultConfigurationIsVisible = 0;
			defaultConfigurationName = Release;
		};
/* End XCConfigurationList section */
	};
	rootObject = 8A134428196BA00900E6EE72 /* Project object */;
}
